// !$*UTF8*$!
{
	archiveVersion = 1;
	classes = {
	};
	objectVersion = 46;
	objects = {

/* Begin PBXBuildFile section */
		1C24319F19F4BD4A00AAE80E /* libJSONKit.a in Frameworks */ = {isa = PBXBuildFile; fileRef = 1C24318019F4BD1400AAE80E /* libJSONKit.a */; };
		1C2431A019F4BD6000AAE80E /* libOAuth2Client.a in Frameworks */ = {isa = PBXBuildFile; fileRef = 1C24318919F4BD1400AAE80E /* libOAuth2Client.a */; };
		1C2431A119F4BD6000AAE80E /* libOHAttributedLabel.a in Frameworks */ = {isa = PBXBuildFile; fileRef = 1C24318E19F4BD1400AAE80E /* libOHAttributedLabel.a */; };
		1C2431A219F4BD6000AAE80E /* libSoundCloudAPI.a in Frameworks */ = {isa = PBXBuildFile; fileRef = 1C24317019F4BC6E00AAE80E /* libSoundCloudAPI.a */; };
		1C2431A319F4BD6000AAE80E /* libSoundCloudUI.a in Frameworks */ = {isa = PBXBuildFile; fileRef = 1C24319219F4BD1400AAE80E /* libSoundCloudUI.a */; };
		1C2431A619F4BD7000AAE80E /* AddressBook.framework in Frameworks */ = {isa = PBXBuildFile; fileRef = 1C2431A419F4BD7000AAE80E /* AddressBook.framework */; };
		1C2431A719F4BD7000AAE80E /* AddressBookUI.framework in Frameworks */ = {isa = PBXBuildFile; fileRef = 1C2431A519F4BD7000AAE80E /* AddressBookUI.framework */; };
		1C2431A919F4BD8200AAE80E /* CoreLocation.framework in Frameworks */ = {isa = PBXBuildFile; fileRef = 1C2431A819F4BD8200AAE80E /* CoreLocation.framework */; };
		1C2431AB19F4BD8A00AAE80E /* CoreText.framework in Frameworks */ = {isa = PBXBuildFile; fileRef = 1C2431AA19F4BD8A00AAE80E /* CoreText.framework */; };
		1C2431AD19F4BD9200AAE80E /* QuartzCore.framework in Frameworks */ = {isa = PBXBuildFile; fileRef = 1C2431AC19F4BD9200AAE80E /* QuartzCore.framework */; };
		1C2431AF19F4BD9A00AAE80E /* Security.framework in Frameworks */ = {isa = PBXBuildFile; fileRef = 1C2431AE19F4BD9A00AAE80E /* Security.framework */; };
		1C2431B119F4BE0900AAE80E /* SoundCloud.bundle in Resources */ = {isa = PBXBuildFile; fileRef = 1C2431B019F4BE0900AAE80E /* SoundCloud.bundle */; };
		1CBF989319E9D6C1001F643F /* Foundation.framework in Frameworks */ = {isa = PBXBuildFile; fileRef = 1CBF989219E9D6C1001F643F /* Foundation.framework */; };
		1CBF989519E9D6C1001F643F /* CoreGraphics.framework in Frameworks */ = {isa = PBXBuildFile; fileRef = 1CBF989419E9D6C1001F643F /* CoreGraphics.framework */; };
		1CBF989719E9D6C1001F643F /* UIKit.framework in Frameworks */ = {isa = PBXBuildFile; fileRef = 1CBF989619E9D6C1001F643F /* UIKit.framework */; };
		1CBF989D19E9D6C1001F643F /* InfoPlist.strings in Resources */ = {isa = PBXBuildFile; fileRef = 1CBF989B19E9D6C1001F643F /* InfoPlist.strings */; };
		1CBF989F19E9D6C1001F643F /* main.m in Sources */ = {isa = PBXBuildFile; fileRef = 1CBF989E19E9D6C1001F643F /* main.m */; };
		1CBF98A319E9D6C1001F643F /* AppDelegate.m in Sources */ = {isa = PBXBuildFile; fileRef = 1CBF98A219E9D6C1001F643F /* AppDelegate.m */; };
		1CBF98A519E9D6C1001F643F /* Images.xcassets in Resources */ = {isa = PBXBuildFile; fileRef = 1CBF98A419E9D6C1001F643F /* Images.xcassets */; };
		1CBF98AC19E9D6C1001F643F /* XCTest.framework in Frameworks */ = {isa = PBXBuildFile; fileRef = 1CBF98AB19E9D6C1001F643F /* XCTest.framework */; };
		1CBF98AD19E9D6C1001F643F /* Foundation.framework in Frameworks */ = {isa = PBXBuildFile; fileRef = 1CBF989219E9D6C1001F643F /* Foundation.framework */; };
		1CBF98AE19E9D6C1001F643F /* UIKit.framework in Frameworks */ = {isa = PBXBuildFile; fileRef = 1CBF989619E9D6C1001F643F /* UIKit.framework */; };
		1CBF98B619E9D6C1001F643F /* InfoPlist.strings in Resources */ = {isa = PBXBuildFile; fileRef = 1CBF98B419E9D6C1001F643F /* InfoPlist.strings */; };
		1CBF98B819E9D6C1001F643F /* SDSIPhoneAppTests.m in Sources */ = {isa = PBXBuildFile; fileRef = 1CBF98B719E9D6C1001F643F /* SDSIPhoneAppTests.m */; };
		1CBF98CC19E9E632001F643F /* LoginViewController.m in Sources */ = {isa = PBXBuildFile; fileRef = 1CBF98CA19E9E632001F643F /* LoginViewController.m */; };
		1CBF98CD19E9E632001F643F /* LoginViewController.xib in Resources */ = {isa = PBXBuildFile; fileRef = 1CBF98CB19E9E632001F643F /* LoginViewController.xib */; };
		1CBF98D619EA1983001F643F /* SelectSongsViewController.m in Sources */ = {isa = PBXBuildFile; fileRef = 1CBF98D419EA1983001F643F /* SelectSongsViewController.m */; };
		1CBF98D719EA1983001F643F /* SelectSongsViewController.xib in Resources */ = {isa = PBXBuildFile; fileRef = 1CBF98D519EA1983001F643F /* SelectSongsViewController.xib */; };
		1CBF98DB19EA1C7D001F643F /* PlayerViewController.m in Sources */ = {isa = PBXBuildFile; fileRef = 1CBF98D919EA1C7D001F643F /* PlayerViewController.m */; };
		1CBF98DC19EA1C7D001F643F /* PlayerViewController.xib in Resources */ = {isa = PBXBuildFile; fileRef = 1CBF98DA19EA1C7D001F643F /* PlayerViewController.xib */; };
		1CBF98DE19EA1E05001F643F /* profile_default.png in Resources */ = {isa = PBXBuildFile; fileRef = 1CBF98DD19EA1E05001F643F /* profile_default.png */; };
		FC6F52DA19F1D474002EE6CE /* [FDM] Clean Bandit feat. Jess Glynne-Rather Be (Steve James Remix) [320 kbps] [vk.comfreshdancemusic] -www.mrtzcmp3.net - 1A - 125.mp3 in Resources */ = {isa = PBXBuildFile; fileRef = FC6F52D919F1D474002EE6CE /* [FDM] Clean Bandit feat. Jess Glynne-Rather Be (Steve James Remix) [320 kbps] [vk.comfreshdancemusic] -www.mrtzcmp3.net - 1A - 125.mp3 */; };
		FC6F52DF19F3192A002EE6CE /* SongTableView.m in Sources */ = {isa = PBXBuildFile; fileRef = FC6F52DE19F3192A002EE6CE /* SongTableView.m */; };
		FC6F52E219F32C47002EE6CE /* SongCell.m in Sources */ = {isa = PBXBuildFile; fileRef = FC6F52E119F32C47002EE6CE /* SongCell.m */; };
/* End PBXBuildFile section */

/* Begin PBXContainerItemProxy section */
		1C24316D19F4BC6E00AAE80E /* PBXContainerItemProxy */ = {
			isa = PBXContainerItemProxy;
			containerPortal = 1C24316819F4BC6C00AAE80E /* SoundCloudAPI.xcodeproj */;
			proxyType = 2;
			remoteGlobalIDString = 94535F86123FAFDF00BD668A;
			remoteInfo = SoundCloudAPI.framework;
		};
		1C24316F19F4BC6E00AAE80E /* PBXContainerItemProxy */ = {
			isa = PBXContainerItemProxy;
			containerPortal = 1C24316819F4BC6C00AAE80E /* SoundCloudAPI.xcodeproj */;
			proxyType = 2;
			remoteGlobalIDString = D2AAC07E0554694100DB518D;
			remoteInfo = SoundCloudAPI;
		};
		1C24317F19F4BD1400AAE80E /* PBXContainerItemProxy */ = {
			isa = PBXContainerItemProxy;
			containerPortal = 1C24317119F4BD1300AAE80E /* JSONKit.xcodeproj */;
			proxyType = 2;
			remoteGlobalIDString = F6803523148F6D22008A51BA;
			remoteInfo = libJSONKit;
		};
		1C24318119F4BD1400AAE80E /* PBXContainerItemProxy */ = {
			isa = PBXContainerItemProxy;
			containerPortal = 1C24317119F4BD1300AAE80E /* JSONKit.xcodeproj */;
			proxyType = 2;
			remoteGlobalIDString = F6AE0202148F825C0004909F;
			remoteInfo = JSONKit.framework;
		};
		1C24318619F4BD1400AAE80E /* PBXContainerItemProxy */ = {
			isa = PBXContainerItemProxy;
			containerPortal = 1C24317419F4BD1300AAE80E /* OAuth2Client.xcodeproj */;
			proxyType = 2;
			remoteGlobalIDString = 942FFCD612315E0A00E6C65E;
			remoteInfo = OAuth2Client.framework;
		};
		1C24318819F4BD1400AAE80E /* PBXContainerItemProxy */ = {
			isa = PBXContainerItemProxy;
			containerPortal = 1C24317419F4BD1300AAE80E /* OAuth2Client.xcodeproj */;
			proxyType = 2;
			remoteGlobalIDString = D2AAC07E0554694100DB518D;
			remoteInfo = OAuth2Client;
		};
		1C24318A19F4BD1400AAE80E /* PBXContainerItemProxy */ = {
			isa = PBXContainerItemProxy;
			containerPortal = 1C24317419F4BD1300AAE80E /* OAuth2Client.xcodeproj */;
			proxyType = 2;
			remoteGlobalIDString = 94B6CE6619C1D0A200AA859B;
			remoteInfo = OAuth2ClientTests;
		};
		1C24318D19F4BD1400AAE80E /* PBXContainerItemProxy */ = {
			isa = PBXContainerItemProxy;
			containerPortal = 1C24317719F4BD1300AAE80E /* OHAttributedLabel.xcodeproj */;
			proxyType = 2;
			remoteGlobalIDString = F62728FA148F70DF00314599;
			remoteInfo = OHAttributedLabel;
		};
		1C24319119F4BD1400AAE80E /* PBXContainerItemProxy */ = {
			isa = PBXContainerItemProxy;
			containerPortal = 1C24317A19F4BD1300AAE80E /* SoundCloudUI.xcodeproj */;
			proxyType = 2;
			remoteGlobalIDString = F6EF8C6113F929D700B20B40;
			remoteInfo = libSoundCloudUI;
		};
		1C24319319F4BD1400AAE80E /* PBXContainerItemProxy */ = {
			isa = PBXContainerItemProxy;
			containerPortal = 1C24317A19F4BD1300AAE80E /* SoundCloudUI.xcodeproj */;
			proxyType = 2;
			remoteGlobalIDString = F62E0CE5148FB27100BE8F14;
			remoteInfo = SoundCloudUI.framework;
		};
		1C24319519F4BD3800AAE80E /* PBXContainerItemProxy */ = {
			isa = PBXContainerItemProxy;
			containerPortal = 1C24317119F4BD1300AAE80E /* JSONKit.xcodeproj */;
			proxyType = 1;
			remoteGlobalIDString = F6803522148F6D22008A51BA;
			remoteInfo = libJSONKit;
		};
		1C24319719F4BD3800AAE80E /* PBXContainerItemProxy */ = {
			isa = PBXContainerItemProxy;
			containerPortal = 1C24317419F4BD1300AAE80E /* OAuth2Client.xcodeproj */;
			proxyType = 1;
			remoteGlobalIDString = D2AAC07D0554694100DB518D;
			remoteInfo = OAuth2Client;
		};
		1C24319919F4BD3800AAE80E /* PBXContainerItemProxy */ = {
			isa = PBXContainerItemProxy;
			containerPortal = 1C24317719F4BD1300AAE80E /* OHAttributedLabel.xcodeproj */;
			proxyType = 1;
			remoteGlobalIDString = F62728F9148F70DF00314599;
			remoteInfo = OHAttributedLabel;
		};
		1C24319B19F4BD3800AAE80E /* PBXContainerItemProxy */ = {
			isa = PBXContainerItemProxy;
			containerPortal = 1C24317A19F4BD1300AAE80E /* SoundCloudUI.xcodeproj */;
			proxyType = 1;
			remoteGlobalIDString = F6EF8C6013F929D700B20B40;
			remoteInfo = libSoundCloudUI;
		};
		1C24319D19F4BD3800AAE80E /* PBXContainerItemProxy */ = {
			isa = PBXContainerItemProxy;
			containerPortal = 1C24316819F4BC6C00AAE80E /* SoundCloudAPI.xcodeproj */;
			proxyType = 1;
			remoteGlobalIDString = D2AAC07D0554694100DB518D;
			remoteInfo = SoundCloudAPI;
		};
		1CBF98AF19E9D6C1001F643F /* PBXContainerItemProxy */ = {
			isa = PBXContainerItemProxy;
			containerPortal = 1CBF988719E9D6C0001F643F /* Project object */;
			proxyType = 1;
			remoteGlobalIDString = 1CBF988E19E9D6C0001F643F;
			remoteInfo = SDSIPhoneApp;
		};
/* End PBXContainerItemProxy section */

/* Begin PBXFileReference section */
		1C24316819F4BC6C00AAE80E /* SoundCloudAPI.xcodeproj */ = {isa = PBXFileReference; lastKnownFileType = "wrapper.pb-project"; name = SoundCloudAPI.xcodeproj; path = CocoaSoundCloudAPI/SoundCloudAPI.xcodeproj; sourceTree = "<group>"; };
		1C24317119F4BD1300AAE80E /* JSONKit.xcodeproj */ = {isa = PBXFileReference; lastKnownFileType = "wrapper.pb-project"; name = JSONKit.xcodeproj; path = JSONKit/JSONKit.xcodeproj; sourceTree = "<group>"; };
		1C24317419F4BD1300AAE80E /* OAuth2Client.xcodeproj */ = {isa = PBXFileReference; lastKnownFileType = "wrapper.pb-project"; name = OAuth2Client.xcodeproj; path = OAuth2Client/OAuth2Client.xcodeproj; sourceTree = "<group>"; };
		1C24317719F4BD1300AAE80E /* OHAttributedLabel.xcodeproj */ = {isa = PBXFileReference; lastKnownFileType = "wrapper.pb-project"; name = OHAttributedLabel.xcodeproj; path = OHAttributedLabel/OHAttributedLabel.xcodeproj; sourceTree = "<group>"; };
		1C24317A19F4BD1300AAE80E /* SoundCloudUI.xcodeproj */ = {isa = PBXFileReference; lastKnownFileType = "wrapper.pb-project"; name = SoundCloudUI.xcodeproj; path = CocoaSoundCloudUI/SoundCloudUI.xcodeproj; sourceTree = "<group>"; };
		1C2431A419F4BD7000AAE80E /* AddressBook.framework */ = {isa = PBXFileReference; lastKnownFileType = wrapper.framework; name = AddressBook.framework; path = System/Library/Frameworks/AddressBook.framework; sourceTree = SDKROOT; };
		1C2431A519F4BD7000AAE80E /* AddressBookUI.framework */ = {isa = PBXFileReference; lastKnownFileType = wrapper.framework; name = AddressBookUI.framework; path = System/Library/Frameworks/AddressBookUI.framework; sourceTree = SDKROOT; };
		1C2431A819F4BD8200AAE80E /* CoreLocation.framework */ = {isa = PBXFileReference; lastKnownFileType = wrapper.framework; name = CoreLocation.framework; path = System/Library/Frameworks/CoreLocation.framework; sourceTree = SDKROOT; };
		1C2431AA19F4BD8A00AAE80E /* CoreText.framework */ = {isa = PBXFileReference; lastKnownFileType = wrapper.framework; name = CoreText.framework; path = System/Library/Frameworks/CoreText.framework; sourceTree = SDKROOT; };
		1C2431AC19F4BD9200AAE80E /* QuartzCore.framework */ = {isa = PBXFileReference; lastKnownFileType = wrapper.framework; name = QuartzCore.framework; path = System/Library/Frameworks/QuartzCore.framework; sourceTree = SDKROOT; };
		1C2431AE19F4BD9A00AAE80E /* Security.framework */ = {isa = PBXFileReference; lastKnownFileType = wrapper.framework; name = Security.framework; path = System/Library/Frameworks/Security.framework; sourceTree = SDKROOT; };
		1C2431B019F4BE0900AAE80E /* SoundCloud.bundle */ = {isa = PBXFileReference; lastKnownFileType = "wrapper.plug-in"; name = SoundCloud.bundle; path = CocoaSoundCloudUI/SoundCloud.bundle; sourceTree = "<group>"; };
		1CBF988F19E9D6C0001F643F /* SDSIPhoneApp.app */ = {isa = PBXFileReference; explicitFileType = wrapper.application; includeInIndex = 0; path = SDSIPhoneApp.app; sourceTree = BUILT_PRODUCTS_DIR; };
		1CBF989219E9D6C1001F643F /* Foundation.framework */ = {isa = PBXFileReference; lastKnownFileType = wrapper.framework; name = Foundation.framework; path = System/Library/Frameworks/Foundation.framework; sourceTree = SDKROOT; };
		1CBF989419E9D6C1001F643F /* CoreGraphics.framework */ = {isa = PBXFileReference; lastKnownFileType = wrapper.framework; name = CoreGraphics.framework; path = System/Library/Frameworks/CoreGraphics.framework; sourceTree = SDKROOT; };
		1CBF989619E9D6C1001F643F /* UIKit.framework */ = {isa = PBXFileReference; lastKnownFileType = wrapper.framework; name = UIKit.framework; path = System/Library/Frameworks/UIKit.framework; sourceTree = SDKROOT; };
		1CBF989A19E9D6C1001F643F /* SDSIPhoneApp-Info.plist */ = {isa = PBXFileReference; lastKnownFileType = text.plist.xml; path = "SDSIPhoneApp-Info.plist"; sourceTree = "<group>"; };
		1CBF989C19E9D6C1001F643F /* en */ = {isa = PBXFileReference; lastKnownFileType = text.plist.strings; name = en; path = en.lproj/InfoPlist.strings; sourceTree = "<group>"; };
		1CBF989E19E9D6C1001F643F /* main.m */ = {isa = PBXFileReference; lastKnownFileType = sourcecode.c.objc; path = main.m; sourceTree = "<group>"; };
		1CBF98A019E9D6C1001F643F /* SDSIPhoneApp-Prefix.pch */ = {isa = PBXFileReference; lastKnownFileType = sourcecode.c.h; path = "SDSIPhoneApp-Prefix.pch"; sourceTree = "<group>"; };
		1CBF98A119E9D6C1001F643F /* AppDelegate.h */ = {isa = PBXFileReference; lastKnownFileType = sourcecode.c.h; path = AppDelegate.h; sourceTree = "<group>"; };
		1CBF98A219E9D6C1001F643F /* AppDelegate.m */ = {isa = PBXFileReference; lastKnownFileType = sourcecode.c.objc; path = AppDelegate.m; sourceTree = "<group>"; };
		1CBF98A419E9D6C1001F643F /* Images.xcassets */ = {isa = PBXFileReference; lastKnownFileType = folder.assetcatalog; path = Images.xcassets; sourceTree = "<group>"; };
		1CBF98AA19E9D6C1001F643F /* SDSIPhoneAppTests.xctest */ = {isa = PBXFileReference; explicitFileType = wrapper.cfbundle; includeInIndex = 0; path = SDSIPhoneAppTests.xctest; sourceTree = BUILT_PRODUCTS_DIR; };
		1CBF98AB19E9D6C1001F643F /* XCTest.framework */ = {isa = PBXFileReference; lastKnownFileType = wrapper.framework; name = XCTest.framework; path = Library/Frameworks/XCTest.framework; sourceTree = DEVELOPER_DIR; };
		1CBF98B319E9D6C1001F643F /* SDSIPhoneAppTests-Info.plist */ = {isa = PBXFileReference; lastKnownFileType = text.plist.xml; path = "SDSIPhoneAppTests-Info.plist"; sourceTree = "<group>"; };
		1CBF98B519E9D6C1001F643F /* en */ = {isa = PBXFileReference; lastKnownFileType = text.plist.strings; name = en; path = en.lproj/InfoPlist.strings; sourceTree = "<group>"; };
		1CBF98B719E9D6C1001F643F /* SDSIPhoneAppTests.m */ = {isa = PBXFileReference; lastKnownFileType = sourcecode.c.objc; path = SDSIPhoneAppTests.m; sourceTree = "<group>"; };
		1CBF98C919E9E632001F643F /* LoginViewController.h */ = {isa = PBXFileReference; fileEncoding = 4; lastKnownFileType = sourcecode.c.h; name = LoginViewController.h; path = SDSIPhoneApp/LoginViewController.h; sourceTree = "<group>"; };
		1CBF98CA19E9E632001F643F /* LoginViewController.m */ = {isa = PBXFileReference; fileEncoding = 4; lastKnownFileType = sourcecode.c.objc; name = LoginViewController.m; path = SDSIPhoneApp/LoginViewController.m; sourceTree = "<group>"; };
		1CBF98CB19E9E632001F643F /* LoginViewController.xib */ = {isa = PBXFileReference; fileEncoding = 4; lastKnownFileType = file.xib; name = LoginViewController.xib; path = SDSIPhoneApp/LoginViewController.xib; sourceTree = "<group>"; };
		1CBF98D319EA1983001F643F /* SelectSongsViewController.h */ = {isa = PBXFileReference; fileEncoding = 4; lastKnownFileType = sourcecode.c.h; path = SelectSongsViewController.h; sourceTree = "<group>"; };
		1CBF98D419EA1983001F643F /* SelectSongsViewController.m */ = {isa = PBXFileReference; fileEncoding = 4; lastKnownFileType = sourcecode.c.objc; path = SelectSongsViewController.m; sourceTree = "<group>"; };
		1CBF98D519EA1983001F643F /* SelectSongsViewController.xib */ = {isa = PBXFileReference; fileEncoding = 4; lastKnownFileType = file.xib; path = SelectSongsViewController.xib; sourceTree = "<group>"; };
		1CBF98D819EA1C7D001F643F /* PlayerViewController.h */ = {isa = PBXFileReference; fileEncoding = 4; lastKnownFileType = sourcecode.c.h; path = PlayerViewController.h; sourceTree = "<group>"; };
		1CBF98D919EA1C7D001F643F /* PlayerViewController.m */ = {isa = PBXFileReference; fileEncoding = 4; lastKnownFileType = sourcecode.c.objc; path = PlayerViewController.m; sourceTree = "<group>"; };
		1CBF98DA19EA1C7D001F643F /* PlayerViewController.xib */ = {isa = PBXFileReference; fileEncoding = 4; lastKnownFileType = file.xib; path = PlayerViewController.xib; sourceTree = "<group>"; };
		1CBF98DD19EA1E05001F643F /* profile_default.png */ = {isa = PBXFileReference; lastKnownFileType = image.png; name = profile_default.png; path = SDSIPhoneApp/Images.xcassets/profile_default.png; sourceTree = "<group>"; };
		FC6F52D919F1D474002EE6CE /* [FDM] Clean Bandit feat. Jess Glynne-Rather Be (Steve James Remix) [320 kbps] [vk.comfreshdancemusic] -www.mrtzcmp3.net - 1A - 125.mp3 */ = {isa = PBXFileReference; lastKnownFileType = audio.mp3; path = "[FDM] Clean Bandit feat. Jess Glynne-Rather Be (Steve James Remix) [320 kbps] [vk.comfreshdancemusic] -www.mrtzcmp3.net - 1A - 125.mp3"; sourceTree = "<group>"; };
		FC6F52DD19F3192A002EE6CE /* SongTableView.h */ = {isa = PBXFileReference; fileEncoding = 4; lastKnownFileType = sourcecode.c.h; path = SongTableView.h; sourceTree = "<group>"; };
		FC6F52DE19F3192A002EE6CE /* SongTableView.m */ = {isa = PBXFileReference; fileEncoding = 4; lastKnownFileType = sourcecode.c.objc; path = SongTableView.m; sourceTree = "<group>"; };
		FC6F52E019F32C47002EE6CE /* SongCell.h */ = {isa = PBXFileReference; fileEncoding = 4; lastKnownFileType = sourcecode.c.h; path = SongCell.h; sourceTree = "<group>"; };
		FC6F52E119F32C47002EE6CE /* SongCell.m */ = {isa = PBXFileReference; fileEncoding = 4; lastKnownFileType = sourcecode.c.objc; path = SongCell.m; sourceTree = "<group>"; };
/* End PBXFileReference section */

/* Begin PBXFrameworksBuildPhase section */
		1CBF988C19E9D6C0001F643F /* Frameworks */ = {
			isa = PBXFrameworksBuildPhase;
			buildActionMask = 2147483647;
			files = (
				1C2431AF19F4BD9A00AAE80E /* Security.framework in Frameworks */,
				1C2431AD19F4BD9200AAE80E /* QuartzCore.framework in Frameworks */,
				1C2431AB19F4BD8A00AAE80E /* CoreText.framework in Frameworks */,
				1C2431A919F4BD8200AAE80E /* CoreLocation.framework in Frameworks */,
				1C2431A619F4BD7000AAE80E /* AddressBook.framework in Frameworks */,
				1C2431A719F4BD7000AAE80E /* AddressBookUI.framework in Frameworks */,
				1C2431A019F4BD6000AAE80E /* libOAuth2Client.a in Frameworks */,
				1C2431A119F4BD6000AAE80E /* libOHAttributedLabel.a in Frameworks */,
				1C2431A219F4BD6000AAE80E /* libSoundCloudAPI.a in Frameworks */,
				1C2431A319F4BD6000AAE80E /* libSoundCloudUI.a in Frameworks */,
				1C24319F19F4BD4A00AAE80E /* libJSONKit.a in Frameworks */,
				1CBF989519E9D6C1001F643F /* CoreGraphics.framework in Frameworks */,
				1CBF989719E9D6C1001F643F /* UIKit.framework in Frameworks */,
				1CBF989319E9D6C1001F643F /* Foundation.framework in Frameworks */,
			);
			runOnlyForDeploymentPostprocessing = 0;
		};
		1CBF98A719E9D6C1001F643F /* Frameworks */ = {
			isa = PBXFrameworksBuildPhase;
			buildActionMask = 2147483647;
			files = (
				1CBF98AC19E9D6C1001F643F /* XCTest.framework in Frameworks */,
				1CBF98AE19E9D6C1001F643F /* UIKit.framework in Frameworks */,
				1CBF98AD19E9D6C1001F643F /* Foundation.framework in Frameworks */,
			);
			runOnlyForDeploymentPostprocessing = 0;
		};
/* End PBXFrameworksBuildPhase section */

/* Begin PBXGroup section */
		1C24316919F4BC6C00AAE80E /* Products */ = {
			isa = PBXGroup;
			children = (
				1C24316E19F4BC6E00AAE80E /* SoundCloudAPI.framework */,
				1C24317019F4BC6E00AAE80E /* libSoundCloudAPI.a */,
			);
			name = Products;
			sourceTree = "<group>";
		};
		1C24317219F4BD1300AAE80E /* Products */ = {
			isa = PBXGroup;
			children = (
				1C24318019F4BD1400AAE80E /* libJSONKit.a */,
				1C24318219F4BD1400AAE80E /* JSONKit.framework */,
			);
			name = Products;
			sourceTree = "<group>";
		};
		1C24317519F4BD1300AAE80E /* Products */ = {
			isa = PBXGroup;
			children = (
				1C24318719F4BD1400AAE80E /* OAuth2Client.framework */,
				1C24318919F4BD1400AAE80E /* libOAuth2Client.a */,
				1C24318B19F4BD1400AAE80E /* OAuth2ClientTests.xctest */,
			);
			name = Products;
			sourceTree = "<group>";
		};
		1C24317819F4BD1300AAE80E /* Products */ = {
			isa = PBXGroup;
			children = (
				1C24318E19F4BD1400AAE80E /* libOHAttributedLabel.a */,
			);
			name = Products;
			sourceTree = "<group>";
		};
		1C24317B19F4BD1300AAE80E /* Products */ = {
			isa = PBXGroup;
			children = (
				1C24319219F4BD1400AAE80E /* libSoundCloudUI.a */,
				1C24319419F4BD1400AAE80E /* SoundCloudUI.framework */,
			);
			name = Products;
			sourceTree = "<group>";
		};
		1CBF988619E9D6C0001F643F = {
			isa = PBXGroup;
			children = (
				1C2431B019F4BE0900AAE80E /* SoundCloud.bundle */,
				1C24317119F4BD1300AAE80E /* JSONKit.xcodeproj */,
				1C24317419F4BD1300AAE80E /* OAuth2Client.xcodeproj */,
				1C24317719F4BD1300AAE80E /* OHAttributedLabel.xcodeproj */,
				1C24317A19F4BD1300AAE80E /* SoundCloudUI.xcodeproj */,
				1C24316819F4BC6C00AAE80E /* SoundCloudAPI.xcodeproj */,
				FC6F52DD19F3192A002EE6CE /* SongTableView.h */,
				FC6F52DE19F3192A002EE6CE /* SongTableView.m */,
				FC6F52E019F32C47002EE6CE /* SongCell.h */,
				FC6F52E119F32C47002EE6CE /* SongCell.m */,
				1CBF98DD19EA1E05001F643F /* profile_default.png */,
				1CBF98D819EA1C7D001F643F /* PlayerViewController.h */,
				1CBF98D919EA1C7D001F643F /* PlayerViewController.m */,
				1CBF98DA19EA1C7D001F643F /* PlayerViewController.xib */,
				1CBF98D319EA1983001F643F /* SelectSongsViewController.h */,
				1CBF98D419EA1983001F643F /* SelectSongsViewController.m */,
				1CBF98D519EA1983001F643F /* SelectSongsViewController.xib */,
				1CBF98C919E9E632001F643F /* LoginViewController.h */,
				1CBF98CA19E9E632001F643F /* LoginViewController.m */,
				1CBF98CB19E9E632001F643F /* LoginViewController.xib */,
				FC6F52D919F1D474002EE6CE /* [FDM] Clean Bandit feat. Jess Glynne-Rather Be (Steve James Remix) [320 kbps] [vk.comfreshdancemusic] -www.mrtzcmp3.net - 1A - 125.mp3 */,
				1CBF989819E9D6C1001F643F /* SDSIPhoneApp */,
				1CBF98B119E9D6C1001F643F /* SDSIPhoneAppTests */,
				1CBF989119E9D6C0001F643F /* Frameworks */,
				1CBF989019E9D6C0001F643F /* Products */,
			);
			sourceTree = "<group>";
		};
		1CBF989019E9D6C0001F643F /* Products */ = {
			isa = PBXGroup;
			children = (
				1CBF988F19E9D6C0001F643F /* SDSIPhoneApp.app */,
				1CBF98AA19E9D6C1001F643F /* SDSIPhoneAppTests.xctest */,
			);
			name = Products;
			sourceTree = "<group>";
		};
		1CBF989119E9D6C0001F643F /* Frameworks */ = {
			isa = PBXGroup;
			children = (
				1C2431AE19F4BD9A00AAE80E /* Security.framework */,
				1C2431AC19F4BD9200AAE80E /* QuartzCore.framework */,
				1C2431AA19F4BD8A00AAE80E /* CoreText.framework */,
				1C2431A819F4BD8200AAE80E /* CoreLocation.framework */,
				1C2431A419F4BD7000AAE80E /* AddressBook.framework */,
				1C2431A519F4BD7000AAE80E /* AddressBookUI.framework */,
				1CBF989219E9D6C1001F643F /* Foundation.framework */,
				1CBF989419E9D6C1001F643F /* CoreGraphics.framework */,
				1CBF989619E9D6C1001F643F /* UIKit.framework */,
				1CBF98AB19E9D6C1001F643F /* XCTest.framework */,
			);
			name = Frameworks;
			sourceTree = "<group>";
		};
		1CBF989819E9D6C1001F643F /* SDSIPhoneApp */ = {
			isa = PBXGroup;
			children = (
				1CBF98A119E9D6C1001F643F /* AppDelegate.h */,
				1CBF98A219E9D6C1001F643F /* AppDelegate.m */,
				1CBF98A419E9D6C1001F643F /* Images.xcassets */,
				1CBF989919E9D6C1001F643F /* Supporting Files */,
			);
			path = SDSIPhoneApp;
			sourceTree = "<group>";
		};
		1CBF989919E9D6C1001F643F /* Supporting Files */ = {
			isa = PBXGroup;
			children = (
				1CBF989A19E9D6C1001F643F /* SDSIPhoneApp-Info.plist */,
				1CBF989B19E9D6C1001F643F /* InfoPlist.strings */,
				1CBF989E19E9D6C1001F643F /* main.m */,
				1CBF98A019E9D6C1001F643F /* SDSIPhoneApp-Prefix.pch */,
			);
			name = "Supporting Files";
			sourceTree = "<group>";
		};
		1CBF98B119E9D6C1001F643F /* SDSIPhoneAppTests */ = {
			isa = PBXGroup;
			children = (
				1CBF98B719E9D6C1001F643F /* SDSIPhoneAppTests.m */,
				1CBF98B219E9D6C1001F643F /* Supporting Files */,
			);
			path = SDSIPhoneAppTests;
			sourceTree = "<group>";
		};
		1CBF98B219E9D6C1001F643F /* Supporting Files */ = {
			isa = PBXGroup;
			children = (
				1CBF98B319E9D6C1001F643F /* SDSIPhoneAppTests-Info.plist */,
				1CBF98B419E9D6C1001F643F /* InfoPlist.strings */,
			);
			name = "Supporting Files";
			sourceTree = "<group>";
		};
/* End PBXGroup section */

/* Begin PBXNativeTarget section */
		1CBF988E19E9D6C0001F643F /* SDSIPhoneApp */ = {
			isa = PBXNativeTarget;
			buildConfigurationList = 1CBF98BB19E9D6C1001F643F /* Build configuration list for PBXNativeTarget "SDSIPhoneApp" */;
			buildPhases = (
				1CBF988B19E9D6C0001F643F /* Sources */,
				1CBF988C19E9D6C0001F643F /* Frameworks */,
				1CBF988D19E9D6C0001F643F /* Resources */,
			);
			buildRules = (
			);
			dependencies = (
				1C24319619F4BD3800AAE80E /* PBXTargetDependency */,
				1C24319819F4BD3800AAE80E /* PBXTargetDependency */,
				1C24319A19F4BD3800AAE80E /* PBXTargetDependency */,
				1C24319C19F4BD3800AAE80E /* PBXTargetDependency */,
				1C24319E19F4BD3800AAE80E /* PBXTargetDependency */,
			);
			name = SDSIPhoneApp;
			productName = SDSIPhoneApp;
			productReference = 1CBF988F19E9D6C0001F643F /* SDSIPhoneApp.app */;
			productType = "com.apple.product-type.application";
		};
		1CBF98A919E9D6C1001F643F /* SDSIPhoneAppTests */ = {
			isa = PBXNativeTarget;
			buildConfigurationList = 1CBF98BE19E9D6C1001F643F /* Build configuration list for PBXNativeTarget "SDSIPhoneAppTests" */;
			buildPhases = (
				1CBF98A619E9D6C1001F643F /* Sources */,
				1CBF98A719E9D6C1001F643F /* Frameworks */,
				1CBF98A819E9D6C1001F643F /* Resources */,
			);
			buildRules = (
			);
			dependencies = (
				1CBF98B019E9D6C1001F643F /* PBXTargetDependency */,
			);
			name = SDSIPhoneAppTests;
			productName = SDSIPhoneAppTests;
			productReference = 1CBF98AA19E9D6C1001F643F /* SDSIPhoneAppTests.xctest */;
			productType = "com.apple.product-type.bundle.unit-test";
		};
/* End PBXNativeTarget section */

/* Begin PBXProject section */
		1CBF988719E9D6C0001F643F /* Project object */ = {
			isa = PBXProject;
			attributes = {
				LastUpgradeCheck = 0510;
				ORGANIZATIONNAME = "Silent Disco Squad";
				TargetAttributes = {
					1CBF988E19E9D6C0001F643F = {
						DevelopmentTeam = 6ZUB2TR58V;
					};
					1CBF98A919E9D6C1001F643F = {
						DevelopmentTeam = 6ZUB2TR58V;
						TestTargetID = 1CBF988E19E9D6C0001F643F;
					};
				};
			};
			buildConfigurationList = 1CBF988A19E9D6C0001F643F /* Build configuration list for PBXProject "SDSIPhoneApp" */;
			compatibilityVersion = "Xcode 3.2";
			developmentRegion = English;
			hasScannedForEncodings = 0;
			knownRegions = (
				en,
			);
			mainGroup = 1CBF988619E9D6C0001F643F;
			productRefGroup = 1CBF989019E9D6C0001F643F /* Products */;
			projectDirPath = "";
			projectReferences = (
				{
					ProductGroup = 1C24317219F4BD1300AAE80E /* Products */;
					ProjectRef = 1C24317119F4BD1300AAE80E /* JSONKit.xcodeproj */;
				},
				{
					ProductGroup = 1C24317519F4BD1300AAE80E /* Products */;
					ProjectRef = 1C24317419F4BD1300AAE80E /* OAuth2Client.xcodeproj */;
				},
				{
					ProductGroup = 1C24317819F4BD1300AAE80E /* Products */;
					ProjectRef = 1C24317719F4BD1300AAE80E /* OHAttributedLabel.xcodeproj */;
				},
				{
					ProductGroup = 1C24316919F4BC6C00AAE80E /* Products */;
					ProjectRef = 1C24316819F4BC6C00AAE80E /* SoundCloudAPI.xcodeproj */;
				},
				{
					ProductGroup = 1C24317B19F4BD1300AAE80E /* Products */;
					ProjectRef = 1C24317A19F4BD1300AAE80E /* SoundCloudUI.xcodeproj */;
				},
			);
			projectRoot = "";
			targets = (
				1CBF988E19E9D6C0001F643F /* SDSIPhoneApp */,
				1CBF98A919E9D6C1001F643F /* SDSIPhoneAppTests */,
			);
		};
/* End PBXProject section */

/* Begin PBXReferenceProxy section */
		1C24316E19F4BC6E00AAE80E /* SoundCloudAPI.framework */ = {
			isa = PBXReferenceProxy;
			fileType = wrapper.framework;
			path = SoundCloudAPI.framework;
			remoteRef = 1C24316D19F4BC6E00AAE80E /* PBXContainerItemProxy */;
			sourceTree = BUILT_PRODUCTS_DIR;
		};
		1C24317019F4BC6E00AAE80E /* libSoundCloudAPI.a */ = {
			isa = PBXReferenceProxy;
			fileType = archive.ar;
			path = libSoundCloudAPI.a;
			remoteRef = 1C24316F19F4BC6E00AAE80E /* PBXContainerItemProxy */;
			sourceTree = BUILT_PRODUCTS_DIR;
		};
		1C24318019F4BD1400AAE80E /* libJSONKit.a */ = {
			isa = PBXReferenceProxy;
			fileType = archive.ar;
			path = libJSONKit.a;
			remoteRef = 1C24317F19F4BD1400AAE80E /* PBXContainerItemProxy */;
			sourceTree = BUILT_PRODUCTS_DIR;
		};
		1C24318219F4BD1400AAE80E /* JSONKit.framework */ = {
			isa = PBXReferenceProxy;
			fileType = wrapper.framework;
			path = JSONKit.framework;
			remoteRef = 1C24318119F4BD1400AAE80E /* PBXContainerItemProxy */;
			sourceTree = BUILT_PRODUCTS_DIR;
		};
		1C24318719F4BD1400AAE80E /* OAuth2Client.framework */ = {
			isa = PBXReferenceProxy;
			fileType = wrapper.framework;
			path = OAuth2Client.framework;
			remoteRef = 1C24318619F4BD1400AAE80E /* PBXContainerItemProxy */;
			sourceTree = BUILT_PRODUCTS_DIR;
		};
		1C24318919F4BD1400AAE80E /* libOAuth2Client.a */ = {
			isa = PBXReferenceProxy;
			fileType = archive.ar;
			path = libOAuth2Client.a;
			remoteRef = 1C24318819F4BD1400AAE80E /* PBXContainerItemProxy */;
			sourceTree = BUILT_PRODUCTS_DIR;
		};
		1C24318B19F4BD1400AAE80E /* OAuth2ClientTests.xctest */ = {
			isa = PBXReferenceProxy;
			fileType = wrapper.cfbundle;
			path = OAuth2ClientTests.xctest;
			remoteRef = 1C24318A19F4BD1400AAE80E /* PBXContainerItemProxy */;
			sourceTree = BUILT_PRODUCTS_DIR;
		};
		1C24318E19F4BD1400AAE80E /* libOHAttributedLabel.a */ = {
			isa = PBXReferenceProxy;
			fileType = archive.ar;
			path = libOHAttributedLabel.a;
			remoteRef = 1C24318D19F4BD1400AAE80E /* PBXContainerItemProxy */;
			sourceTree = BUILT_PRODUCTS_DIR;
		};
		1C24319219F4BD1400AAE80E /* libSoundCloudUI.a */ = {
			isa = PBXReferenceProxy;
			fileType = archive.ar;
			path = libSoundCloudUI.a;
			remoteRef = 1C24319119F4BD1400AAE80E /* PBXContainerItemProxy */;
			sourceTree = BUILT_PRODUCTS_DIR;
		};
		1C24319419F4BD1400AAE80E /* SoundCloudUI.framework */ = {
			isa = PBXReferenceProxy;
			fileType = wrapper.framework;
			path = SoundCloudUI.framework;
			remoteRef = 1C24319319F4BD1400AAE80E /* PBXContainerItemProxy */;
			sourceTree = BUILT_PRODUCTS_DIR;
		};
/* End PBXReferenceProxy section */

/* Begin PBXResourcesBuildPhase section */
		1CBF988D19E9D6C0001F643F /* Resources */ = {
			isa = PBXResourcesBuildPhase;
			buildActionMask = 2147483647;
			files = (
				1CBF989D19E9D6C1001F643F /* InfoPlist.strings in Resources */,
				1C2431B119F4BE0900AAE80E /* SoundCloud.bundle in Resources */,
				1CBF98DC19EA1C7D001F643F /* PlayerViewController.xib in Resources */,
				1CBF98A519E9D6C1001F643F /* Images.xcassets in Resources */,
				1CBF98CD19E9E632001F643F /* LoginViewController.xib in Resources */,
				FC6F52DA19F1D474002EE6CE /* [FDM] Clean Bandit feat. Jess Glynne-Rather Be (Steve James Remix) [320 kbps] [vk.comfreshdancemusic] -www.mrtzcmp3.net - 1A - 125.mp3 in Resources */,
				1CBF98D719EA1983001F643F /* SelectSongsViewController.xib in Resources */,
				1CBF98DE19EA1E05001F643F /* profile_default.png in Resources */,
			);
			runOnlyForDeploymentPostprocessing = 0;
		};
		1CBF98A819E9D6C1001F643F /* Resources */ = {
			isa = PBXResourcesBuildPhase;
			buildActionMask = 2147483647;
			files = (
				1CBF98B619E9D6C1001F643F /* InfoPlist.strings in Resources */,
			);
			runOnlyForDeploymentPostprocessing = 0;
		};
/* End PBXResourcesBuildPhase section */

/* Begin PBXSourcesBuildPhase section */
		1CBF988B19E9D6C0001F643F /* Sources */ = {
			isa = PBXSourcesBuildPhase;
			buildActionMask = 2147483647;
			files = (
				1CBF98A319E9D6C1001F643F /* AppDelegate.m in Sources */,
				1CBF989F19E9D6C1001F643F /* main.m in Sources */,
				FC6F52DF19F3192A002EE6CE /* SongTableView.m in Sources */,
				1CBF98CC19E9E632001F643F /* LoginViewController.m in Sources */,
				1CBF98D619EA1983001F643F /* SelectSongsViewController.m in Sources */,
				FC6F52E219F32C47002EE6CE /* SongCell.m in Sources */,
				1CBF98DB19EA1C7D001F643F /* PlayerViewController.m in Sources */,
			);
			runOnlyForDeploymentPostprocessing = 0;
		};
		1CBF98A619E9D6C1001F643F /* Sources */ = {
			isa = PBXSourcesBuildPhase;
			buildActionMask = 2147483647;
			files = (
				1CBF98B819E9D6C1001F643F /* SDSIPhoneAppTests.m in Sources */,
			);
			runOnlyForDeploymentPostprocessing = 0;
		};
/* End PBXSourcesBuildPhase section */

/* Begin PBXTargetDependency section */
		1C24319619F4BD3800AAE80E /* PBXTargetDependency */ = {
			isa = PBXTargetDependency;
			name = libJSONKit;
			targetProxy = 1C24319519F4BD3800AAE80E /* PBXContainerItemProxy */;
		};
		1C24319819F4BD3800AAE80E /* PBXTargetDependency */ = {
			isa = PBXTargetDependency;
			name = OAuth2Client;
			targetProxy = 1C24319719F4BD3800AAE80E /* PBXContainerItemProxy */;
		};
		1C24319A19F4BD3800AAE80E /* PBXTargetDependency */ = {
			isa = PBXTargetDependency;
			name = OHAttributedLabel;
			targetProxy = 1C24319919F4BD3800AAE80E /* PBXContainerItemProxy */;
		};
		1C24319C19F4BD3800AAE80E /* PBXTargetDependency */ = {
			isa = PBXTargetDependency;
			name = libSoundCloudUI;
			targetProxy = 1C24319B19F4BD3800AAE80E /* PBXContainerItemProxy */;
		};
		1C24319E19F4BD3800AAE80E /* PBXTargetDependency */ = {
			isa = PBXTargetDependency;
			name = SoundCloudAPI;
			targetProxy = 1C24319D19F4BD3800AAE80E /* PBXContainerItemProxy */;
		};
		1CBF98B019E9D6C1001F643F /* PBXTargetDependency */ = {
			isa = PBXTargetDependency;
			target = 1CBF988E19E9D6C0001F643F /* SDSIPhoneApp */;
			targetProxy = 1CBF98AF19E9D6C1001F643F /* PBXContainerItemProxy */;
		};
/* End PBXTargetDependency section */

/* Begin PBXVariantGroup section */
		1CBF989B19E9D6C1001F643F /* InfoPlist.strings */ = {
			isa = PBXVariantGroup;
			children = (
				1CBF989C19E9D6C1001F643F /* en */,
			);
			name = InfoPlist.strings;
			sourceTree = "<group>";
		};
		1CBF98B419E9D6C1001F643F /* InfoPlist.strings */ = {
			isa = PBXVariantGroup;
			children = (
				1CBF98B519E9D6C1001F643F /* en */,
			);
			name = InfoPlist.strings;
			sourceTree = "<group>";
		};
/* End PBXVariantGroup section */

/* Begin XCBuildConfiguration section */
		1CBF98B919E9D6C1001F643F /* Debug */ = {
			isa = XCBuildConfiguration;
			buildSettings = {
				ALWAYS_SEARCH_USER_PATHS = NO;
				CLANG_CXX_LANGUAGE_STANDARD = "gnu++0x";
				CLANG_CXX_LIBRARY = "libc++";
				CLANG_ENABLE_MODULES = YES;
				CLANG_ENABLE_OBJC_ARC = YES;
				CLANG_WARN_BOOL_CONVERSION = YES;
				CLANG_WARN_CONSTANT_CONVERSION = YES;
				CLANG_WARN_DIRECT_OBJC_ISA_USAGE = YES_ERROR;
				CLANG_WARN_EMPTY_BODY = YES;
				CLANG_WARN_ENUM_CONVERSION = YES;
				CLANG_WARN_INT_CONVERSION = YES;
				CLANG_WARN_OBJC_ROOT_CLASS = YES_ERROR;
				CLANG_WARN__DUPLICATE_METHOD_MATCH = YES;
				"CODE_SIGN_IDENTITY[sdk=iphoneos*]" = "iPhone Developer";
				COPY_PHASE_STRIP = NO;
				GCC_C_LANGUAGE_STANDARD = gnu99;
				GCC_DYNAMIC_NO_PIC = NO;
				GCC_OPTIMIZATION_LEVEL = 0;
				GCC_PREPROCESSOR_DEFINITIONS = (
					"DEBUG=1",
					"$(inherited)",
				);
				GCC_SYMBOLS_PRIVATE_EXTERN = NO;
				GCC_WARN_64_TO_32_BIT_CONVERSION = YES;
				GCC_WARN_ABOUT_RETURN_TYPE = YES_ERROR;
				GCC_WARN_UNDECLARED_SELECTOR = YES;
				GCC_WARN_UNINITIALIZED_AUTOS = YES_AGGRESSIVE;
				GCC_WARN_UNUSED_FUNCTION = YES;
				GCC_WARN_UNUSED_VARIABLE = YES;
				IPHONEOS_DEPLOYMENT_TARGET = 7.1;
				ONLY_ACTIVE_ARCH = YES;
				SDKROOT = iphoneos;
				TARGETED_DEVICE_FAMILY = "1,2";
			};
			name = Debug;
		};
		1CBF98BA19E9D6C1001F643F /* Release */ = {
			isa = XCBuildConfiguration;
			buildSettings = {
				ALWAYS_SEARCH_USER_PATHS = NO;
				CLANG_CXX_LANGUAGE_STANDARD = "gnu++0x";
				CLANG_CXX_LIBRARY = "libc++";
				CLANG_ENABLE_MODULES = YES;
				CLANG_ENABLE_OBJC_ARC = YES;
				CLANG_WARN_BOOL_CONVERSION = YES;
				CLANG_WARN_CONSTANT_CONVERSION = YES;
				CLANG_WARN_DIRECT_OBJC_ISA_USAGE = YES_ERROR;
				CLANG_WARN_EMPTY_BODY = YES;
				CLANG_WARN_ENUM_CONVERSION = YES;
				CLANG_WARN_INT_CONVERSION = YES;
				CLANG_WARN_OBJC_ROOT_CLASS = YES_ERROR;
				CLANG_WARN__DUPLICATE_METHOD_MATCH = YES;
				"CODE_SIGN_IDENTITY[sdk=iphoneos*]" = "iPhone Developer";
				COPY_PHASE_STRIP = YES;
				ENABLE_NS_ASSERTIONS = NO;
				GCC_C_LANGUAGE_STANDARD = gnu99;
				GCC_WARN_64_TO_32_BIT_CONVERSION = YES;
				GCC_WARN_ABOUT_RETURN_TYPE = YES_ERROR;
				GCC_WARN_UNDECLARED_SELECTOR = YES;
				GCC_WARN_UNINITIALIZED_AUTOS = YES_AGGRESSIVE;
				GCC_WARN_UNUSED_FUNCTION = YES;
				GCC_WARN_UNUSED_VARIABLE = YES;
				IPHONEOS_DEPLOYMENT_TARGET = 7.1;
				SDKROOT = iphoneos;
				TARGETED_DEVICE_FAMILY = "1,2";
				VALIDATE_PRODUCT = YES;
			};
			name = Release;
		};
		1CBF98BC19E9D6C1001F643F /* Debug */ = {
			isa = XCBuildConfiguration;
			buildSettings = {
				ASSETCATALOG_COMPILER_APPICON_NAME = AppIcon;
				ASSETCATALOG_COMPILER_LAUNCHIMAGE_NAME = LaunchImage;
				CODE_SIGN_IDENTITY = "iPhone Developer";
				"CODE_SIGN_IDENTITY[sdk=iphoneos*]" = "iPhone Developer";
				GCC_PRECOMPILE_PREFIX_HEADER = YES;
				GCC_PREFIX_HEADER = "SDSIPhoneApp/SDSIPhoneApp-Prefix.pch";
				HEADER_SEARCH_PATHS = (
					"$(inherited)",
					/Applications/Xcode.app/Contents/Developer/Toolchains/XcodeDefault.xctoolchain/usr/include,
					"$PROJECT_DIR/**",
				);
				INFOPLIST_FILE = "SDSIPhoneApp/SDSIPhoneApp-Info.plist";
				IPHONEOS_DEPLOYMENT_TARGET = 7.0;
				"OTHER_LDFLAGS[arch=*]" = (
					"-all_load",
					"-ObjC",
				);
				PRODUCT_NAME = "$(TARGET_NAME)";
				PROVISIONING_PROFILE = "";
				TARGETED_DEVICE_FAMILY = "1,2";
				WRAPPER_EXTENSION = app;
			};
			name = Debug;
		};
		1CBF98BD19E9D6C1001F643F /* Release */ = {
			isa = XCBuildConfiguration;
			buildSettings = {
				ASSETCATALOG_COMPILER_APPICON_NAME = AppIcon;
				ASSETCATALOG_COMPILER_LAUNCHIMAGE_NAME = LaunchImage;
				CODE_SIGN_IDENTITY = "iPhone Developer";
				"CODE_SIGN_IDENTITY[sdk=iphoneos*]" = "iPhone Developer";
				GCC_PRECOMPILE_PREFIX_HEADER = YES;
				GCC_PREFIX_HEADER = "SDSIPhoneApp/SDSIPhoneApp-Prefix.pch";
				HEADER_SEARCH_PATHS = (
					"$(inherited)",
					/Applications/Xcode.app/Contents/Developer/Toolchains/XcodeDefault.xctoolchain/usr/include,
					"$PROJECT_DIR/**",
				);
				INFOPLIST_FILE = "SDSIPhoneApp/SDSIPhoneApp-Info.plist";
				IPHONEOS_DEPLOYMENT_TARGET = 7.0;
				"OTHER_LDFLAGS[arch=*]" = (
					"-all_load",
					"-ObjC",
				);
				PRODUCT_NAME = "$(TARGET_NAME)";
				PROVISIONING_PROFILE = "";
				TARGETED_DEVICE_FAMILY = "1,2";
				WRAPPER_EXTENSION = app;
			};
			name = Release;
		};
		1CBF98BF19E9D6C1001F643F /* Debug */ = {
			isa = XCBuildConfiguration;
			buildSettings = {
				BUNDLE_LOADER = "$(BUILT_PRODUCTS_DIR)/SDSIPhoneApp.app/SDSIPhoneApp";
				FRAMEWORK_SEARCH_PATHS = (
					"$(SDKROOT)/Developer/Library/Frameworks",
					"$(inherited)",
					"$(DEVELOPER_FRAMEWORKS_DIR)",
				);
				GCC_PRECOMPILE_PREFIX_HEADER = YES;
				GCC_PREFIX_HEADER = "SDSIPhoneApp/SDSIPhoneApp-Prefix.pch";
				GCC_PREPROCESSOR_DEFINITIONS = (
					"DEBUG=1",
					"$(inherited)",
				);
				INFOPLIST_FILE = "SDSIPhoneAppTests/SDSIPhoneAppTests-Info.plist";
				PRODUCT_NAME = "$(TARGET_NAME)";
				TEST_HOST = "$(BUNDLE_LOADER)";
				WRAPPER_EXTENSION = xctest;
			};
			name = Debug;
		};
		1CBF98C019E9D6C1001F643F /* Release */ = {
			isa = XCBuildConfiguration;
			buildSettings = {
				BUNDLE_LOADER = "$(BUILT_PRODUCTS_DIR)/SDSIPhoneApp.app/SDSIPhoneApp";
				FRAMEWORK_SEARCH_PATHS = (
					"$(SDKROOT)/Developer/Library/Frameworks",
					"$(inherited)",
					"$(DEVELOPER_FRAMEWORKS_DIR)",
				);
				GCC_PRECOMPILE_PREFIX_HEADER = YES;
				GCC_PREFIX_HEADER = "SDSIPhoneApp/SDSIPhoneApp-Prefix.pch";
				INFOPLIST_FILE = "SDSIPhoneAppTests/SDSIPhoneAppTests-Info.plist";
				PRODUCT_NAME = "$(TARGET_NAME)";
				TEST_HOST = "$(BUNDLE_LOADER)";
				WRAPPER_EXTENSION = xctest;
			};
			name = Release;
		};
/* End XCBuildConfiguration section */

/* Begin XCConfigurationList section */
		1CBF988A19E9D6C0001F643F /* Build configuration list for PBXProject "SDSIPhoneApp" */ = {
			isa = XCConfigurationList;
			buildConfigurations = (
				1CBF98B919E9D6C1001F643F /* Debug */,
				1CBF98BA19E9D6C1001F643F /* Release */,
			);
			defaultConfigurationIsVisible = 0;
			defaultConfigurationName = Release;
		};
		1CBF98BB19E9D6C1001F643F /* Build configuration list for PBXNativeTarget "SDSIPhoneApp" */ = {
			isa = XCConfigurationList;
			buildConfigurations = (
				1CBF98BC19E9D6C1001F643F /* Debug */,
				1CBF98BD19E9D6C1001F643F /* Release */,
			);
			defaultConfigurationIsVisible = 0;
			defaultConfigurationName = Release;
		};
		1CBF98BE19E9D6C1001F643F /* Build configuration list for PBXNativeTarget "SDSIPhoneAppTests" */ = {
			isa = XCConfigurationList;
			buildConfigurations = (
				1CBF98BF19E9D6C1001F643F /* Debug */,
				1CBF98C019E9D6C1001F643F /* Release */,
			);
			defaultConfigurationIsVisible = 0;
			defaultConfigurationName = Release;
		};
/* End XCConfigurationList section */
	};
	rootObject = 1CBF988719E9D6C0001F643F /* Project object */;
}
