// !$*UTF8*$!
{
	archiveVersion = 1;
	classes = {
	};
	objectVersion = 46;
	objects = {

/* Begin PBXBuildFile section */
		1CBF989319E9D6C1001F643F /* Foundation.framework in Frameworks */ = {isa = PBXBuildFile; fileRef = 1CBF989219E9D6C1001F643F /* Foundation.framework */; };
		1CBF989519E9D6C1001F643F /* CoreGraphics.framework in Frameworks */ = {isa = PBXBuildFile; fileRef = 1CBF989419E9D6C1001F643F /* CoreGraphics.framework */; };
		1CBF989719E9D6C1001F643F /* UIKit.framework in Frameworks */ = {isa = PBXBuildFile; fileRef = 1CBF989619E9D6C1001F643F /* UIKit.framework */; };
		1CBF989D19E9D6C1001F643F /* InfoPlist.strings in Resources */ = {isa = PBXBuildFile; fileRef = 1CBF989B19E9D6C1001F643F /* InfoPlist.strings */; };
		1CBF989F19E9D6C1001F643F /* main.m in Sources */ = {isa = PBXBuildFile; fileRef = 1CBF989E19E9D6C1001F643F /* main.m */; };
		1CBF98A319E9D6C1001F643F /* AppDelegate.m in Sources */ = {isa = PBXBuildFile; fileRef = 1CBF98A219E9D6C1001F643F /* AppDelegate.m */; };
		1CBF98A519E9D6C1001F643F /* Images.xcassets in Resources */ = {isa = PBXBuildFile; fileRef = 1CBF98A419E9D6C1001F643F /* Images.xcassets */; };
		1CBF98AC19E9D6C1001F643F /* XCTest.framework in Frameworks */ = {isa = PBXBuildFile; fileRef = 1CBF98AB19E9D6C1001F643F /* XCTest.framework */; };
		1CBF98AD19E9D6C1001F643F /* Foundation.framework in Frameworks */ = {isa = PBXBuildFile; fileRef = 1CBF989219E9D6C1001F643F /* Foundation.framework */; };
		1CBF98AE19E9D6C1001F643F /* UIKit.framework in Frameworks */ = {isa = PBXBuildFile; fileRef = 1CBF989619E9D6C1001F643F /* UIKit.framework */; };
		1CBF98B619E9D6C1001F643F /* InfoPlist.strings in Resources */ = {isa = PBXBuildFile; fileRef = 1CBF98B419E9D6C1001F643F /* InfoPlist.strings */; };
		1CBF98B819E9D6C1001F643F /* SDSIPhoneAppTests.m in Sources */ = {isa = PBXBuildFile; fileRef = 1CBF98B719E9D6C1001F643F /* SDSIPhoneAppTests.m */; };
		1CBF98CC19E9E632001F643F /* LoginViewController.m in Sources */ = {isa = PBXBuildFile; fileRef = 1CBF98CA19E9E632001F643F /* LoginViewController.m */; };
		1CBF98CD19E9E632001F643F /* LoginViewController.xib in Resources */ = {isa = PBXBuildFile; fileRef = 1CBF98CB19E9E632001F643F /* LoginViewController.xib */; };
		1CBF98D619EA1983001F643F /* SelectSongsViewController.m in Sources */ = {isa = PBXBuildFile; fileRef = 1CBF98D419EA1983001F643F /* SelectSongsViewController.m */; };
		1CBF98D719EA1983001F643F /* SelectSongsViewController.xib in Resources */ = {isa = PBXBuildFile; fileRef = 1CBF98D519EA1983001F643F /* SelectSongsViewController.xib */; };
		1CBF98DB19EA1C7D001F643F /* PlayerViewController.m in Sources */ = {isa = PBXBuildFile; fileRef = 1CBF98D919EA1C7D001F643F /* PlayerViewController.m */; };
		1CBF98DC19EA1C7D001F643F /* PlayerViewController.xib in Resources */ = {isa = PBXBuildFile; fileRef = 1CBF98DA19EA1C7D001F643F /* PlayerViewController.xib */; };
		1CBF98DE19EA1E05001F643F /* profile_default.png in Resources */ = {isa = PBXBuildFile; fileRef = 1CBF98DD19EA1E05001F643F /* profile_default.png */; };
		1CD0826E19F3162000CDA4D4 /* SongTableView.m in Sources */ = {isa = PBXBuildFile; fileRef = 1CD0826D19F3162000CDA4D4 /* SongTableView.m */; };
		FC6F52DA19F1D474002EE6CE /* [FDM] Clean Bandit feat. Jess Glynne-Rather Be (Steve James Remix) [320 kbps] [vk.comfreshdancemusic] -www.mrtzcmp3.net - 1A - 125.mp3 in Resources */ = {isa = PBXBuildFile; fileRef = FC6F52D919F1D474002EE6CE /* [FDM] Clean Bandit feat. Jess Glynne-Rather Be (Steve James Remix) [320 kbps] [vk.comfreshdancemusic] -www.mrtzcmp3.net - 1A - 125.mp3 */; };
/* End PBXBuildFile section */

/* Begin PBXContainerItemProxy section */
		1CBF98AF19E9D6C1001F643F /* PBXContainerItemProxy */ = {
			isa = PBXContainerItemProxy;
			containerPortal = 1CBF988719E9D6C0001F643F /* Project object */;
			proxyType = 1;
			remoteGlobalIDString = 1CBF988E19E9D6C0001F643F;
			remoteInfo = SDSIPhoneApp;
		};
/* End PBXContainerItemProxy section */

/* Begin PBXFileReference section */
		1CBF988F19E9D6C0001F643F /* SDSIPhoneApp.app */ = {isa = PBXFileReference; explicitFileType = wrapper.application; includeInIndex = 0; path = SDSIPhoneApp.app; sourceTree = BUILT_PRODUCTS_DIR; };
		1CBF989219E9D6C1001F643F /* Foundation.framework */ = {isa = PBXFileReference; lastKnownFileType = wrapper.framework; name = Foundation.framework; path = System/Library/Frameworks/Foundation.framework; sourceTree = SDKROOT; };
		1CBF989419E9D6C1001F643F /* CoreGraphics.framework */ = {isa = PBXFileReference; lastKnownFileType = wrapper.framework; name = CoreGraphics.framework; path = System/Library/Frameworks/CoreGraphics.framework; sourceTree = SDKROOT; };
		1CBF989619E9D6C1001F643F /* UIKit.framework */ = {isa = PBXFileReference; lastKnownFileType = wrapper.framework; name = UIKit.framework; path = System/Library/Frameworks/UIKit.framework; sourceTree = SDKROOT; };
		1CBF989A19E9D6C1001F643F /* SDSIPhoneApp-Info.plist */ = {isa = PBXFileReference; lastKnownFileType = text.plist.xml; path = "SDSIPhoneApp-Info.plist"; sourceTree = "<group>"; };
		1CBF989C19E9D6C1001F643F /* en */ = {isa = PBXFileReference; lastKnownFileType = text.plist.strings; name = en; path = en.lproj/InfoPlist.strings; sourceTree = "<group>"; };
		1CBF989E19E9D6C1001F643F /* main.m */ = {isa = PBXFileReference; lastKnownFileType = sourcecode.c.objc; path = main.m; sourceTree = "<group>"; };
		1CBF98A019E9D6C1001F643F /* SDSIPhoneApp-Prefix.pch */ = {isa = PBXFileReference; lastKnownFileType = sourcecode.c.h; path = "SDSIPhoneApp-Prefix.pch"; sourceTree = "<group>"; };
		1CBF98A119E9D6C1001F643F /* AppDelegate.h */ = {isa = PBXFileReference; lastKnownFileType = sourcecode.c.h; path = AppDelegate.h; sourceTree = "<group>"; };
		1CBF98A219E9D6C1001F643F /* AppDelegate.m */ = {isa = PBXFileReference; lastKnownFileType = sourcecode.c.objc; path = AppDelegate.m; sourceTree = "<group>"; };
		1CBF98A419E9D6C1001F643F /* Images.xcassets */ = {isa = PBXFileReference; lastKnownFileType = folder.assetcatalog; path = Images.xcassets; sourceTree = "<group>"; };
		1CBF98AA19E9D6C1001F643F /* SDSIPhoneAppTests.xctest */ = {isa = PBXFileReference; explicitFileType = wrapper.cfbundle; includeInIndex = 0; path = SDSIPhoneAppTests.xctest; sourceTree = BUILT_PRODUCTS_DIR; };
		1CBF98AB19E9D6C1001F643F /* XCTest.framework */ = {isa = PBXFileReference; lastKnownFileType = wrapper.framework; name = XCTest.framework; path = Library/Frameworks/XCTest.framework; sourceTree = DEVELOPER_DIR; };
		1CBF98B319E9D6C1001F643F /* SDSIPhoneAppTests-Info.plist */ = {isa = PBXFileReference; lastKnownFileType = text.plist.xml; path = "SDSIPhoneAppTests-Info.plist"; sourceTree = "<group>"; };
		1CBF98B519E9D6C1001F643F /* en */ = {isa = PBXFileReference; lastKnownFileType = text.plist.strings; name = en; path = en.lproj/InfoPlist.strings; sourceTree = "<group>"; };
		1CBF98B719E9D6C1001F643F /* SDSIPhoneAppTests.m */ = {isa = PBXFileReference; lastKnownFileType = sourcecode.c.objc; path = SDSIPhoneAppTests.m; sourceTree = "<group>"; };
		1CBF98C919E9E632001F643F /* LoginViewController.h */ = {isa = PBXFileReference; fileEncoding = 4; lastKnownFileType = sourcecode.c.h; name = LoginViewController.h; path = SDSIPhoneApp/LoginViewController.h; sourceTree = "<group>"; };
		1CBF98CA19E9E632001F643F /* LoginViewController.m */ = {isa = PBXFileReference; fileEncoding = 4; lastKnownFileType = sourcecode.c.objc; name = LoginViewController.m; path = SDSIPhoneApp/LoginViewController.m; sourceTree = "<group>"; };
		1CBF98CB19E9E632001F643F /* LoginViewController.xib */ = {isa = PBXFileReference; fileEncoding = 4; lastKnownFileType = file.xib; name = LoginViewController.xib; path = SDSIPhoneApp/LoginViewController.xib; sourceTree = "<group>"; };
		1CBF98D319EA1983001F643F /* SelectSongsViewController.h */ = {isa = PBXFileReference; fileEncoding = 4; lastKnownFileType = sourcecode.c.h; path = SelectSongsViewController.h; sourceTree = "<group>"; };
		1CBF98D419EA1983001F643F /* SelectSongsViewController.m */ = {isa = PBXFileReference; fileEncoding = 4; lastKnownFileType = sourcecode.c.objc; path = SelectSongsViewController.m; sourceTree = "<group>"; };
		1CBF98D519EA1983001F643F /* SelectSongsViewController.xib */ = {isa = PBXFileReference; fileEncoding = 4; lastKnownFileType = file.xib; path = SelectSongsViewController.xib; sourceTree = "<group>"; };
		1CBF98D819EA1C7D001F643F /* PlayerViewController.h */ = {isa = PBXFileReference; fileEncoding = 4; lastKnownFileType = sourcecode.c.h; path = PlayerViewController.h; sourceTree = "<group>"; };
		1CBF98D919EA1C7D001F643F /* PlayerViewController.m */ = {isa = PBXFileReference; fileEncoding = 4; lastKnownFileType = sourcecode.c.objc; path = PlayerViewController.m; sourceTree = "<group>"; };
		1CBF98DA19EA1C7D001F643F /* PlayerViewController.xib */ = {isa = PBXFileReference; fileEncoding = 4; lastKnownFileType = file.xib; path = PlayerViewController.xib; sourceTree = "<group>"; };
		1CBF98DD19EA1E05001F643F /* profile_default.png */ = {isa = PBXFileReference; lastKnownFileType = image.png; name = profile_default.png; path = SDSIPhoneApp/Images.xcassets/profile_default.png; sourceTree = "<group>"; };
		1CD0826C19F3162000CDA4D4 /* SongTableView.h */ = {isa = PBXFileReference; fileEncoding = 4; lastKnownFileType = sourcecode.c.h; path = SongTableView.h; sourceTree = "<group>"; };
		1CD0826D19F3162000CDA4D4 /* SongTableView.m */ = {isa = PBXFileReference; fileEncoding = 4; lastKnownFileType = sourcecode.c.objc; path = SongTableView.m; sourceTree = "<group>"; };
		FC6F52D919F1D474002EE6CE /* [FDM] Clean Bandit feat. Jess Glynne-Rather Be (Steve James Remix) [320 kbps] [vk.comfreshdancemusic] -www.mrtzcmp3.net - 1A - 125.mp3 */ = {isa = PBXFileReference; lastKnownFileType = audio.mp3; path = "[FDM] Clean Bandit feat. Jess Glynne-Rather Be (Steve James Remix) [320 kbps] [vk.comfreshdancemusic] -www.mrtzcmp3.net - 1A - 125.mp3"; sourceTree = "<group>"; };
/* End PBXFileReference section */

/* Begin PBXFrameworksBuildPhase section */
		1CBF988C19E9D6C0001F643F /* Frameworks */ = {
			isa = PBXFrameworksBuildPhase;
			buildActionMask = 2147483647;
			files = (
				1CBF989519E9D6C1001F643F /* CoreGraphics.framework in Frameworks */,
				1CBF989719E9D6C1001F643F /* UIKit.framework in Frameworks */,
				1CBF989319E9D6C1001F643F /* Foundation.framework in Frameworks */,
			);
			runOnlyForDeploymentPostprocessing = 0;
		};
		1CBF98A719E9D6C1001F643F /* Frameworks */ = {
			isa = PBXFrameworksBuildPhase;
			buildActionMask = 2147483647;
			files = (
				1CBF98AC19E9D6C1001F643F /* XCTest.framework in Frameworks */,
				1CBF98AE19E9D6C1001F643F /* UIKit.framework in Frameworks */,
				1CBF98AD19E9D6C1001F643F /* Foundation.framework in Frameworks */,
			);
			runOnlyForDeploymentPostprocessing = 0;
		};
/* End PBXFrameworksBuildPhase section */

/* Begin PBXGroup section */
		1CBF988619E9D6C0001F643F = {
			isa = PBXGroup;
			children = (
				1CD0826C19F3162000CDA4D4 /* SongTableView.h */,
				1CD0826D19F3162000CDA4D4 /* SongTableView.m */,
				1CBF98DD19EA1E05001F643F /* profile_default.png */,
				1CBF98D819EA1C7D001F643F /* PlayerViewController.h */,
				1CBF98D919EA1C7D001F643F /* PlayerViewController.m */,
				1CBF98DA19EA1C7D001F643F /* PlayerViewController.xib */,
				1CBF98D319EA1983001F643F /* SelectSongsViewController.h */,
				1CBF98D419EA1983001F643F /* SelectSongsViewController.m */,
				1CBF98D519EA1983001F643F /* SelectSongsViewController.xib */,
				1CBF98C919E9E632001F643F /* LoginViewController.h */,
				1CBF98CA19E9E632001F643F /* LoginViewController.m */,
				1CBF98CB19E9E632001F643F /* LoginViewController.xib */,
				FC6F52D919F1D474002EE6CE /* [FDM] Clean Bandit feat. Jess Glynne-Rather Be (Steve James Remix) [320 kbps] [vk.comfreshdancemusic] -www.mrtzcmp3.net - 1A - 125.mp3 */,
				1CBF989819E9D6C1001F643F /* SDSIPhoneApp */,
				1CBF98B119E9D6C1001F643F /* SDSIPhoneAppTests */,
				1CBF989119E9D6C0001F643F /* Frameworks */,
				1CBF989019E9D6C0001F643F /* Products */,
			);
			sourceTree = "<group>";
		};
		1CBF989019E9D6C0001F643F /* Products */ = {
			isa = PBXGroup;
			children = (
				1CBF988F19E9D6C0001F643F /* SDSIPhoneApp.app */,
				1CBF98AA19E9D6C1001F643F /* SDSIPhoneAppTests.xctest */,
			);
			name = Products;
			sourceTree = "<group>";
		};
		1CBF989119E9D6C0001F643F /* Frameworks */ = {
			isa = PBXGroup;
			children = (
				1CBF989219E9D6C1001F643F /* Foundation.framework */,
				1CBF989419E9D6C1001F643F /* CoreGraphics.framework */,
				1CBF989619E9D6C1001F643F /* UIKit.framework */,
				1CBF98AB19E9D6C1001F643F /* XCTest.framework */,
			);
			name = Frameworks;
			sourceTree = "<group>";
		};
		1CBF989819E9D6C1001F643F /* SDSIPhoneApp */ = {
			isa = PBXGroup;
			children = (
				1CBF98A119E9D6C1001F643F /* AppDelegate.h */,
				1CBF98A219E9D6C1001F643F /* AppDelegate.m */,
				1CBF98A419E9D6C1001F643F /* Images.xcassets */,
				1CBF989919E9D6C1001F643F /* Supporting Files */,
			);
			path = SDSIPhoneApp;
			sourceTree = "<group>";
		};
		1CBF989919E9D6C1001F643F /* Supporting Files */ = {
			isa = PBXGroup;
			children = (
				1CBF989A19E9D6C1001F643F /* SDSIPhoneApp-Info.plist */,
				1CBF989B19E9D6C1001F643F /* InfoPlist.strings */,
				1CBF989E19E9D6C1001F643F /* main.m */,
				1CBF98A019E9D6C1001F643F /* SDSIPhoneApp-Prefix.pch */,
			);
			name = "Supporting Files";
			sourceTree = "<group>";
		};
		1CBF98B119E9D6C1001F643F /* SDSIPhoneAppTests */ = {
			isa = PBXGroup;
			children = (
				1CBF98B719E9D6C1001F643F /* SDSIPhoneAppTests.m */,
				1CBF98B219E9D6C1001F643F /* Supporting Files */,
			);
			path = SDSIPhoneAppTests;
			sourceTree = "<group>";
		};
		1CBF98B219E9D6C1001F643F /* Supporting Files */ = {
			isa = PBXGroup;
			children = (
				1CBF98B319E9D6C1001F643F /* SDSIPhoneAppTests-Info.plist */,
				1CBF98B419E9D6C1001F643F /* InfoPlist.strings */,
			);
			name = "Supporting Files";
			sourceTree = "<group>";
		};
/* End PBXGroup section */

/* Begin PBXNativeTarget section */
		1CBF988E19E9D6C0001F643F /* SDSIPhoneApp */ = {
			isa = PBXNativeTarget;
			buildConfigurationList = 1CBF98BB19E9D6C1001F643F /* Build configuration list for PBXNativeTarget "SDSIPhoneApp" */;
			buildPhases = (
				1CBF988B19E9D6C0001F643F /* Sources */,
				1CBF988C19E9D6C0001F643F /* Frameworks */,
				1CBF988D19E9D6C0001F643F /* Resources */,
			);
			buildRules = (
			);
			dependencies = (
			);
			name = SDSIPhoneApp;
			productName = SDSIPhoneApp;
			productReference = 1CBF988F19E9D6C0001F643F /* SDSIPhoneApp.app */;
			productType = "com.apple.product-type.application";
		};
		1CBF98A919E9D6C1001F643F /* SDSIPhoneAppTests */ = {
			isa = PBXNativeTarget;
			buildConfigurationList = 1CBF98BE19E9D6C1001F643F /* Build configuration list for PBXNativeTarget "SDSIPhoneAppTests" */;
			buildPhases = (
				1CBF98A619E9D6C1001F643F /* Sources */,
				1CBF98A719E9D6C1001F643F /* Frameworks */,
				1CBF98A819E9D6C1001F643F /* Resources */,
			);
			buildRules = (
			);
			dependencies = (
				1CBF98B019E9D6C1001F643F /* PBXTargetDependency */,
			);
			name = SDSIPhoneAppTests;
			productName = SDSIPhoneAppTests;
			productReference = 1CBF98AA19E9D6C1001F643F /* SDSIPhoneAppTests.xctest */;
			productType = "com.apple.product-type.bundle.unit-test";
		};
/* End PBXNativeTarget section */

/* Begin PBXProject section */
		1CBF988719E9D6C0001F643F /* Project object */ = {
			isa = PBXProject;
			attributes = {
				LastUpgradeCheck = 0510;
				ORGANIZATIONNAME = "Silent Disco Squad";
				TargetAttributes = {
					1CBF988E19E9D6C0001F643F = {
						DevelopmentTeam = 72PSY3QB44;
					};
					1CBF98A919E9D6C1001F643F = {
						TestTargetID = 1CBF988E19E9D6C0001F643F;
					};
				};
			};
			buildConfigurationList = 1CBF988A19E9D6C0001F643F /* Build configuration list for PBXProject "SDSIPhoneApp" */;
			compatibilityVersion = "Xcode 3.2";
			developmentRegion = English;
			hasScannedForEncodings = 0;
			knownRegions = (
				en,
			);
			mainGroup = 1CBF988619E9D6C0001F643F;
			productRefGroup = 1CBF989019E9D6C0001F643F /* Products */;
			projectDirPath = "";
			projectRoot = "";
			targets = (
				1CBF988E19E9D6C0001F643F /* SDSIPhoneApp */,
				1CBF98A919E9D6C1001F643F /* SDSIPhoneAppTests */,
			);
		};
/* End PBXProject section */

/* Begin PBXResourcesBuildPhase section */
		1CBF988D19E9D6C0001F643F /* Resources */ = {
			isa = PBXResourcesBuildPhase;
			buildActionMask = 2147483647;
			files = (
				1CBF989D19E9D6C1001F643F /* InfoPlist.strings in Resources */,
				1CBF98DC19EA1C7D001F643F /* PlayerViewController.xib in Resources */,
				1CBF98A519E9D6C1001F643F /* Images.xcassets in Resources */,
				1CBF98CD19E9E632001F643F /* LoginViewController.xib in Resources */,
				FC6F52DA19F1D474002EE6CE /* [FDM] Clean Bandit feat. Jess Glynne-Rather Be (Steve James Remix) [320 kbps] [vk.comfreshdancemusic] -www.mrtzcmp3.net - 1A - 125.mp3 in Resources */,
				1CBF98D719EA1983001F643F /* SelectSongsViewController.xib in Resources */,
				1CBF98DE19EA1E05001F643F /* profile_default.png in Resources */,
			);
			runOnlyForDeploymentPostprocessing = 0;
		};
		1CBF98A819E9D6C1001F643F /* Resources */ = {
			isa = PBXResourcesBuildPhase;
			buildActionMask = 2147483647;
			files = (
				1CBF98B619E9D6C1001F643F /* InfoPlist.strings in Resources */,
			);
			runOnlyForDeploymentPostprocessing = 0;
		};
/* End PBXResourcesBuildPhase section */

/* Begin PBXSourcesBuildPhase section */
		1CBF988B19E9D6C0001F643F /* Sources */ = {
			isa = PBXSourcesBuildPhase;
			buildActionMask = 2147483647;
			files = (
				1CBF98A319E9D6C1001F643F /* AppDelegate.m in Sources */,
				1CBF989F19E9D6C1001F643F /* main.m in Sources */,
				1CD0826E19F3162000CDA4D4 /* SongTableView.m in Sources */,
				1CBF98CC19E9E632001F643F /* LoginViewController.m in Sources */,
				1CBF98D619EA1983001F643F /* SelectSongsViewController.m in Sources */,
				1CBF98DB19EA1C7D001F643F /* PlayerViewController.m in Sources */,
			);
			runOnlyForDeploymentPostprocessing = 0;
		};
		1CBF98A619E9D6C1001F643F /* Sources */ = {
			isa = PBXSourcesBuildPhase;
			buildActionMask = 2147483647;
			files = (
				1CBF98B819E9D6C1001F643F /* SDSIPhoneAppTests.m in Sources */,
			);
			runOnlyForDeploymentPostprocessing = 0;
		};
/* End PBXSourcesBuildPhase section */

/* Begin PBXTargetDependency section */
		1CBF98B019E9D6C1001F643F /* PBXTargetDependency */ = {
			isa = PBXTargetDependency;
			target = 1CBF988E19E9D6C0001F643F /* SDSIPhoneApp */;
			targetProxy = 1CBF98AF19E9D6C1001F643F /* PBXContainerItemProxy */;
		};
/* End PBXTargetDependency section */

/* Begin PBXVariantGroup section */
		1CBF989B19E9D6C1001F643F /* InfoPlist.strings */ = {
			isa = PBXVariantGroup;
			children = (
				1CBF989C19E9D6C1001F643F /* en */,
			);
			name = InfoPlist.strings;
			sourceTree = "<group>";
		};
		1CBF98B419E9D6C1001F643F /* InfoPlist.strings */ = {
			isa = PBXVariantGroup;
			children = (
				1CBF98B519E9D6C1001F643F /* en */,
			);
			name = InfoPlist.strings;
			sourceTree = "<group>";
		};
/* End PBXVariantGroup section */

/* Begin XCBuildConfiguration section */
		1CBF98B919E9D6C1001F643F /* Debug */ = {
			isa = XCBuildConfiguration;
			buildSettings = {
				ALWAYS_SEARCH_USER_PATHS = NO;
				CLANG_CXX_LANGUAGE_STANDARD = "gnu++0x";
				CLANG_CXX_LIBRARY = "libc++";
				CLANG_ENABLE_MODULES = YES;
				CLANG_ENABLE_OBJC_ARC = YES;
				CLANG_WARN_BOOL_CONVERSION = YES;
				CLANG_WARN_CONSTANT_CONVERSION = YES;
				CLANG_WARN_DIRECT_OBJC_ISA_USAGE = YES_ERROR;
				CLANG_WARN_EMPTY_BODY = YES;
				CLANG_WARN_ENUM_CONVERSION = YES;
				CLANG_WARN_INT_CONVERSION = YES;
				CLANG_WARN_OBJC_ROOT_CLASS = YES_ERROR;
				CLANG_WARN__DUPLICATE_METHOD_MATCH = YES;
				"CODE_SIGN_IDENTITY[sdk=iphoneos*]" = "iPhone Developer";
				COPY_PHASE_STRIP = NO;
				GCC_C_LANGUAGE_STANDARD = gnu99;
				GCC_DYNAMIC_NO_PIC = NO;
				GCC_OPTIMIZATION_LEVEL = 0;
				GCC_PREPROCESSOR_DEFINITIONS = (
					"DEBUG=1",
					"$(inherited)",
				);
				GCC_SYMBOLS_PRIVATE_EXTERN = NO;
				GCC_WARN_64_TO_32_BIT_CONVERSION = YES;
				GCC_WARN_ABOUT_RETURN_TYPE = YES_ERROR;
				GCC_WARN_UNDECLARED_SELECTOR = YES;
				GCC_WARN_UNINITIALIZED_AUTOS = YES_AGGRESSIVE;
				GCC_WARN_UNUSED_FUNCTION = YES;
				GCC_WARN_UNUSED_VARIABLE = YES;
				IPHONEOS_DEPLOYMENT_TARGET = 7.1;
				ONLY_ACTIVE_ARCH = YES;
				SDKROOT = iphoneos;
				TARGETED_DEVICE_FAMILY = "1,2";
			};
			name = Debug;
		};
		1CBF98BA19E9D6C1001F643F /* Release */ = {
			isa = XCBuildConfiguration;
			buildSettings = {
				ALWAYS_SEARCH_USER_PATHS = NO;
				CLANG_CXX_LANGUAGE_STANDARD = "gnu++0x";
				CLANG_CXX_LIBRARY = "libc++";
				CLANG_ENABLE_MODULES = YES;
				CLANG_ENABLE_OBJC_ARC = YES;
				CLANG_WARN_BOOL_CONVERSION = YES;
				CLANG_WARN_CONSTANT_CONVERSION = YES;
				CLANG_WARN_DIRECT_OBJC_ISA_USAGE = YES_ERROR;
				CLANG_WARN_EMPTY_BODY = YES;
				CLANG_WARN_ENUM_CONVERSION = YES;
				CLANG_WARN_INT_CONVERSION = YES;
				CLANG_WARN_OBJC_ROOT_CLASS = YES_ERROR;
				CLANG_WARN__DUPLICATE_METHOD_MATCH = YES;
				"CODE_SIGN_IDENTITY[sdk=iphoneos*]" = "iPhone Developer";
				COPY_PHASE_STRIP = YES;
				ENABLE_NS_ASSERTIONS = NO;
				GCC_C_LANGUAGE_STANDARD = gnu99;
				GCC_WARN_64_TO_32_BIT_CONVERSION = YES;
				GCC_WARN_ABOUT_RETURN_TYPE = YES_ERROR;
				GCC_WARN_UNDECLARED_SELECTOR = YES;
				GCC_WARN_UNINITIALIZED_AUTOS = YES_AGGRESSIVE;
				GCC_WARN_UNUSED_FUNCTION = YES;
				GCC_WARN_UNUSED_VARIABLE = YES;
				IPHONEOS_DEPLOYMENT_TARGET = 7.1;
				SDKROOT = iphoneos;
				TARGETED_DEVICE_FAMILY = "1,2";
				VALIDATE_PRODUCT = YES;
			};
			name = Release;
		};
		1CBF98BC19E9D6C1001F643F /* Debug */ = {
			isa = XCBuildConfiguration;
			buildSettings = {
				ASSETCATALOG_COMPILER_APPICON_NAME = AppIcon;
				ASSETCATALOG_COMPILER_LAUNCHIMAGE_NAME = LaunchImage;
				CODE_SIGN_IDENTITY = "iPhone Developer";
				"CODE_SIGN_IDENTITY[sdk=iphoneos*]" = "iPhone Developer";
				GCC_PRECOMPILE_PREFIX_HEADER = YES;
				GCC_PREFIX_HEADER = "SDSIPhoneApp/SDSIPhoneApp-Prefix.pch";
				INFOPLIST_FILE = "SDSIPhoneApp/SDSIPhoneApp-Info.plist";
				IPHONEOS_DEPLOYMENT_TARGET = 7.0;
				PRODUCT_NAME = "$(TARGET_NAME)";
				PROVISIONING_PROFILE = "";
				TARGETED_DEVICE_FAMILY = "1,2";
				WRAPPER_EXTENSION = app;
			};
			name = Debug;
		};
		1CBF98BD19E9D6C1001F643F /* Release */ = {
			isa = XCBuildConfiguration;
			buildSettings = {
				ASSETCATALOG_COMPILER_APPICON_NAME = AppIcon;
				ASSETCATALOG_COMPILER_LAUNCHIMAGE_NAME = LaunchImage;
				CODE_SIGN_IDENTITY = "iPhone Developer";
				"CODE_SIGN_IDENTITY[sdk=iphoneos*]" = "iPhone Developer";
				GCC_PRECOMPILE_PREFIX_HEADER = YES;
				GCC_PREFIX_HEADER = "SDSIPhoneApp/SDSIPhoneApp-Prefix.pch";
				INFOPLIST_FILE = "SDSIPhoneApp/SDSIPhoneApp-Info.plist";
				IPHONEOS_DEPLOYMENT_TARGET = 7.0;
				PRODUCT_NAME = "$(TARGET_NAME)";
				PROVISIONING_PROFILE = "";
				TARGETED_DEVICE_FAMILY = "1,2";
				WRAPPER_EXTENSION = app;
			};
			name = Release;
		};
		1CBF98BF19E9D6C1001F643F /* Debug */ = {
			isa = XCBuildConfiguration;
			buildSettings = {
				BUNDLE_LOADER = "$(BUILT_PRODUCTS_DIR)/SDSIPhoneApp.app/SDSIPhoneApp";
				FRAMEWORK_SEARCH_PATHS = (
					"$(SDKROOT)/Developer/Library/Frameworks",
					"$(inherited)",
					"$(DEVELOPER_FRAMEWORKS_DIR)",
				);
				GCC_PRECOMPILE_PREFIX_HEADER = YES;
				GCC_PREFIX_HEADER = "SDSIPhoneApp/SDSIPhoneApp-Prefix.pch";
				GCC_PREPROCESSOR_DEFINITIONS = (
					"DEBUG=1",
					"$(inherited)",
				);
				INFOPLIST_FILE = "SDSIPhoneAppTests/SDSIPhoneAppTests-Info.plist";
				PRODUCT_NAME = "$(TARGET_NAME)";
				TEST_HOST = "$(BUNDLE_LOADER)";
				WRAPPER_EXTENSION = xctest;
			};
			name = Debug;
		};
		1CBF98C019E9D6C1001F643F /* Release */ = {
			isa = XCBuildConfiguration;
			buildSettings = {
				BUNDLE_LOADER = "$(BUILT_PRODUCTS_DIR)/SDSIPhoneApp.app/SDSIPhoneApp";
				FRAMEWORK_SEARCH_PATHS = (
					"$(SDKROOT)/Developer/Library/Frameworks",
					"$(inherited)",
					"$(DEVELOPER_FRAMEWORKS_DIR)",
				);
				GCC_PRECOMPILE_PREFIX_HEADER = YES;
				GCC_PREFIX_HEADER = "SDSIPhoneApp/SDSIPhoneApp-Prefix.pch";
				INFOPLIST_FILE = "SDSIPhoneAppTests/SDSIPhoneAppTests-Info.plist";
				PRODUCT_NAME = "$(TARGET_NAME)";
				TEST_HOST = "$(BUNDLE_LOADER)";
				WRAPPER_EXTENSION = xctest;
			};
			name = Release;
		};
/* End XCBuildConfiguration section */

/* Begin XCConfigurationList section */
		1CBF988A19E9D6C0001F643F /* Build configuration list for PBXProject "SDSIPhoneApp" */ = {
			isa = XCConfigurationList;
			buildConfigurations = (
				1CBF98B919E9D6C1001F643F /* Debug */,
				1CBF98BA19E9D6C1001F643F /* Release */,
			);
			defaultConfigurationIsVisible = 0;
			defaultConfigurationName = Release;
		};
		1CBF98BB19E9D6C1001F643F /* Build configuration list for PBXNativeTarget "SDSIPhoneApp" */ = {
			isa = XCConfigurationList;
			buildConfigurations = (
				1CBF98BC19E9D6C1001F643F /* Debug */,
				1CBF98BD19E9D6C1001F643F /* Release */,
			);
			defaultConfigurationIsVisible = 0;
			defaultConfigurationName = Release;
		};
		1CBF98BE19E9D6C1001F643F /* Build configuration list for PBXNativeTarget "SDSIPhoneAppTests" */ = {
			isa = XCConfigurationList;
			buildConfigurations = (
				1CBF98BF19E9D6C1001F643F /* Debug */,
				1CBF98C019E9D6C1001F643F /* Release */,
			);
			defaultConfigurationIsVisible = 0;
			defaultConfigurationName = Release;
		};
/* End XCConfigurationList section */
	};
	rootObject = 1CBF988719E9D6C0001F643F /* Project object */;
}
