// !$*UTF8*$!
{
	archiveVersion = 1;
	classes = {
	};
	objectVersion = 46;
	objects = {

/* Begin PBXBuildFile section */
		1C2431A619F4BD7000AAE80E /* AddressBook.framework in Frameworks */ = {isa = PBXBuildFile; fileRef = 1C2431A419F4BD7000AAE80E /* AddressBook.framework */; };
		1C2431A719F4BD7000AAE80E /* AddressBookUI.framework in Frameworks */ = {isa = PBXBuildFile; fileRef = 1C2431A519F4BD7000AAE80E /* AddressBookUI.framework */; };
		1C2431A919F4BD8200AAE80E /* CoreLocation.framework in Frameworks */ = {isa = PBXBuildFile; fileRef = 1C2431A819F4BD8200AAE80E /* CoreLocation.framework */; };
		1C2431AB19F4BD8A00AAE80E /* CoreText.framework in Frameworks */ = {isa = PBXBuildFile; fileRef = 1C2431AA19F4BD8A00AAE80E /* CoreText.framework */; };
		1C2431AD19F4BD9200AAE80E /* QuartzCore.framework in Frameworks */ = {isa = PBXBuildFile; fileRef = 1C2431AC19F4BD9200AAE80E /* QuartzCore.framework */; };
		1C2431AF19F4BD9A00AAE80E /* Security.framework in Frameworks */ = {isa = PBXBuildFile; fileRef = 1C2431AE19F4BD9A00AAE80E /* Security.framework */; };
		1C77931B1A106DAC00D851C3 /* SessionController.m in Sources */ = {isa = PBXBuildFile; fileRef = 1C77931A1A106DAC00D851C3 /* SessionController.m */; };
		1CBF989319E9D6C1001F643F /* Foundation.framework in Frameworks */ = {isa = PBXBuildFile; fileRef = 1CBF989219E9D6C1001F643F /* Foundation.framework */; };
		1CBF989519E9D6C1001F643F /* CoreGraphics.framework in Frameworks */ = {isa = PBXBuildFile; fileRef = 1CBF989419E9D6C1001F643F /* CoreGraphics.framework */; };
		1CBF989719E9D6C1001F643F /* UIKit.framework in Frameworks */ = {isa = PBXBuildFile; fileRef = 1CBF989619E9D6C1001F643F /* UIKit.framework */; };
		1CBF989D19E9D6C1001F643F /* InfoPlist.strings in Resources */ = {isa = PBXBuildFile; fileRef = 1CBF989B19E9D6C1001F643F /* InfoPlist.strings */; };
		1CBF989F19E9D6C1001F643F /* main.m in Sources */ = {isa = PBXBuildFile; fileRef = 1CBF989E19E9D6C1001F643F /* main.m */; };
		1CBF98A319E9D6C1001F643F /* AppDelegate.m in Sources */ = {isa = PBXBuildFile; fileRef = 1CBF98A219E9D6C1001F643F /* AppDelegate.m */; };
		1CBF98A519E9D6C1001F643F /* Images.xcassets in Resources */ = {isa = PBXBuildFile; fileRef = 1CBF98A419E9D6C1001F643F /* Images.xcassets */; };
		1CBF98AC19E9D6C1001F643F /* XCTest.framework in Frameworks */ = {isa = PBXBuildFile; fileRef = 1CBF98AB19E9D6C1001F643F /* XCTest.framework */; };
		1CBF98AD19E9D6C1001F643F /* Foundation.framework in Frameworks */ = {isa = PBXBuildFile; fileRef = 1CBF989219E9D6C1001F643F /* Foundation.framework */; };
		1CBF98AE19E9D6C1001F643F /* UIKit.framework in Frameworks */ = {isa = PBXBuildFile; fileRef = 1CBF989619E9D6C1001F643F /* UIKit.framework */; };
		1CBF98B619E9D6C1001F643F /* InfoPlist.strings in Resources */ = {isa = PBXBuildFile; fileRef = 1CBF98B419E9D6C1001F643F /* InfoPlist.strings */; };
		1CBF98B819E9D6C1001F643F /* SDSIPhoneAppTests.m in Sources */ = {isa = PBXBuildFile; fileRef = 1CBF98B719E9D6C1001F643F /* SDSIPhoneAppTests.m */; };
		1CBF98CC19E9E632001F643F /* LoginViewController.m in Sources */ = {isa = PBXBuildFile; fileRef = 1CBF98CA19E9E632001F643F /* LoginViewController.m */; };
		1CBF98CD19E9E632001F643F /* LoginViewController.xib in Resources */ = {isa = PBXBuildFile; fileRef = 1CBF98CB19E9E632001F643F /* LoginViewController.xib */; };
		1CBF98DB19EA1C7D001F643F /* PlayerViewController.m in Sources */ = {isa = PBXBuildFile; fileRef = 1CBF98D919EA1C7D001F643F /* PlayerViewController.m */; };
		1CBF98DE19EA1E05001F643F /* profile_default.png in Resources */ = {isa = PBXBuildFile; fileRef = 1CBF98DD19EA1E05001F643F /* profile_default.png */; };
		FC1EA4811A068C1100061041 /* PlayerView.xib in Resources */ = {isa = PBXBuildFile; fileRef = FC1EA4801A068C1100061041 /* PlayerView.xib */; };
		FC42DA0F1A0EDC8B00CFF8A8 /* PlaylistTableView.m in Sources */ = {isa = PBXBuildFile; fileRef = FC42DA0E1A0EDC8B00CFF8A8 /* PlaylistTableView.m */; };
		FC42DA161A0EEE4C00CFF8A8 /* PlaylistViewController2.xib in Resources */ = {isa = PBXBuildFile; fileRef = FC42DA151A0EEE4C00CFF8A8 /* PlaylistViewController2.xib */; };
		FC556D411A0ED74A00779124 /* 12193.png in Resources */ = {isa = PBXBuildFile; fileRef = FC556D401A0ED74A00779124 /* 12193.png */; };
		FC556D471A0EDBF900779124 /* PlaylistViewController2.m in Sources */ = {isa = PBXBuildFile; fileRef = FC556D461A0EDBF900779124 /* PlaylistViewController2.m */; };
		FC6BBCE91A0E7402003A0113 /* ios7-close.png in Resources */ = {isa = PBXBuildFile; fileRef = FC6BBCE81A0E7402003A0113 /* ios7-close.png */; };
		FC6BBCED1A0E7572003A0113 /* PlaylistViewController.m in Sources */ = {isa = PBXBuildFile; fileRef = FC6BBCEB1A0E7572003A0113 /* PlaylistViewController.m */; };
		FC6BBCF01A0E7726003A0113 /* SoundCloud-icon.png in Resources */ = {isa = PBXBuildFile; fileRef = FC6BBCEF1A0E7726003A0113 /* SoundCloud-icon.png */; };
		FC6BBCF71A0E9837003A0113 /* NowPlaying.png in Resources */ = {isa = PBXBuildFile; fileRef = FC6BBCF61A0E9837003A0113 /* NowPlaying.png */; };
		FC6E2DCF19FB2FD60069CC83 /* MediaItem.m in Sources */ = {isa = PBXBuildFile; fileRef = FC6E2DCE19FB2FD60069CC83 /* MediaItem.m */; };
		FC6F52DA19F1D474002EE6CE /* [FDM] Clean Bandit feat. Jess Glynne-Rather Be (Steve James Remix) [320 kbps] [vk.comfreshdancemusic] -www.mrtzcmp3.net - 1A - 125.mp3 in Resources */ = {isa = PBXBuildFile; fileRef = FC6F52D919F1D474002EE6CE /* [FDM] Clean Bandit feat. Jess Glynne-Rather Be (Steve James Remix) [320 kbps] [vk.comfreshdancemusic] -www.mrtzcmp3.net - 1A - 125.mp3 */; };
		FC76394819F451A8001D0FE6 /* PlayerView.m in Sources */ = {isa = PBXBuildFile; fileRef = FC76394719F451A8001D0FE6 /* PlayerView.m */; };
		FC76394B19F45AC2001D0FE6 /* Playlist.m in Sources */ = {isa = PBXBuildFile; fileRef = FC76394A19F45AC2001D0FE6 /* Playlist.m */; };
		FC76395019F4765C001D0FE6 /* AudioToolbox.framework in Frameworks */ = {isa = PBXBuildFile; fileRef = FC76394F19F4765C001D0FE6 /* AudioToolbox.framework */; };
		FC76395219F47682001D0FE6 /* CoreMedia.framework in Frameworks */ = {isa = PBXBuildFile; fileRef = FC76395119F47682001D0FE6 /* CoreMedia.framework */; };
		FC76395419F4768A001D0FE6 /* AVFoundation.framework in Frameworks */ = {isa = PBXBuildFile; fileRef = FC76395319F4768A001D0FE6 /* AVFoundation.framework */; };
		FC76395619F47698001D0FE6 /* MediaPlayer.framework in Frameworks */ = {isa = PBXBuildFile; fileRef = FC76395519F47698001D0FE6 /* MediaPlayer.framework */; };
		FC7A99D81A0BC4FF00C2BEB4 /* 150px-Fast_forward_font_awesome.png in Resources */ = {isa = PBXBuildFile; fileRef = FC7A99D71A0BC4FF00C2BEB4 /* 150px-Fast_forward_font_awesome.png */; };
		FC7A99DA1A0BD4B100C2BEB4 /* playerBackground.jpg in Resources */ = {isa = PBXBuildFile; fileRef = FC7A99D91A0BD4B100C2BEB4 /* playerBackground.jpg */; };
		FC7A99E01A0BE67500C2BEB4 /* Play.png in Resources */ = {isa = PBXBuildFile; fileRef = FC7A99DF1A0BE67500C2BEB4 /* Play.png */; };
		FC7A99E21A0BE6DA00C2BEB4 /* Uncle_Sam_(pointing_finger).jpg in Resources */ = {isa = PBXBuildFile; fileRef = FC7A99E11A0BE6DA00C2BEB4 /* Uncle_Sam_(pointing_finger).jpg */; };
		FC9E43A11A0BEF8F00DE919C /* 3-in-35-Beautiful-Music-Album-Covers.jpeg in Resources */ = {isa = PBXBuildFile; fileRef = FC9E43A01A0BEF8F00DE919C /* 3-in-35-Beautiful-Music-Album-Covers.jpeg */; };
		FC9E43AB1A0C063A00DE919C /* logos-02.png in Resources */ = {isa = PBXBuildFile; fileRef = FC9E43AA1A0C063A00DE919C /* logos-02.png */; };
		FC9E43AF1A0C40B100DE919C /* 3-in-35-Beautiful-Music-Album-Covers.jpeg in Resources */ = {isa = PBXBuildFile; fileRef = FC9E43AC1A0C40B100DE919C /* 3-in-35-Beautiful-Music-Album-Covers.jpeg */; };
		FC9E43B01A0C40B100DE919C /* 320x480.jpg in Resources */ = {isa = PBXBuildFile; fileRef = FC9E43AD1A0C40B100DE919C /* 320x480.jpg */; };
		FC9E43B11A0C40B100DE919C /* not_available.gif in Resources */ = {isa = PBXBuildFile; fileRef = FC9E43AE1A0C40B100DE919C /* not_available.gif */; };
		FC9E43B81A0C43CD00DE919C /* 150px-Rewind_font_awesome.png in Resources */ = {isa = PBXBuildFile; fileRef = FC9E43B71A0C43CD00DE919C /* 150px-Rewind_font_awesome.png */; };
		FC9E43BF1A0C460D00DE919C /* playlist.png in Resources */ = {isa = PBXBuildFile; fileRef = FC9E43BE1A0C460D00DE919C /* playlist.png */; };
		FCA843B61A06CFE600BD8713 /* TDAudioOutputStreamer.m in Sources */ = {isa = PBXBuildFile; fileRef = FCA843B51A06CFE600BD8713 /* TDAudioOutputStreamer.m */; };
		FCC33EFF19F587E600015BA9 /* GameKit.framework in Frameworks */ = {isa = PBXBuildFile; fileRef = FCC33EFE19F587E600015BA9 /* GameKit.framework */; };
/* End PBXBuildFile section */

/* Begin PBXContainerItemProxy section */
		1CBF98AF19E9D6C1001F643F /* PBXContainerItemProxy */ = {
			isa = PBXContainerItemProxy;
			containerPortal = 1CBF988719E9D6C0001F643F /* Project object */;
			proxyType = 1;
			remoteGlobalIDString = 1CBF988E19E9D6C0001F643F;
			remoteInfo = SDSIPhoneApp;
		};
/* End PBXContainerItemProxy section */

/* Begin PBXFileReference section */
		1C2431A419F4BD7000AAE80E /* AddressBook.framework */ = {isa = PBXFileReference; lastKnownFileType = wrapper.framework; name = AddressBook.framework; path = System/Library/Frameworks/AddressBook.framework; sourceTree = SDKROOT; };
		1C2431A519F4BD7000AAE80E /* AddressBookUI.framework */ = {isa = PBXFileReference; lastKnownFileType = wrapper.framework; name = AddressBookUI.framework; path = System/Library/Frameworks/AddressBookUI.framework; sourceTree = SDKROOT; };
		1C2431A819F4BD8200AAE80E /* CoreLocation.framework */ = {isa = PBXFileReference; lastKnownFileType = wrapper.framework; name = CoreLocation.framework; path = System/Library/Frameworks/CoreLocation.framework; sourceTree = SDKROOT; };
		1C2431AA19F4BD8A00AAE80E /* CoreText.framework */ = {isa = PBXFileReference; lastKnownFileType = wrapper.framework; name = CoreText.framework; path = System/Library/Frameworks/CoreText.framework; sourceTree = SDKROOT; };
		1C2431AC19F4BD9200AAE80E /* QuartzCore.framework */ = {isa = PBXFileReference; lastKnownFileType = wrapper.framework; name = QuartzCore.framework; path = System/Library/Frameworks/QuartzCore.framework; sourceTree = SDKROOT; };
		1C2431AE19F4BD9A00AAE80E /* Security.framework */ = {isa = PBXFileReference; lastKnownFileType = wrapper.framework; name = Security.framework; path = System/Library/Frameworks/Security.framework; sourceTree = SDKROOT; };
		1C2609A419F6B78F008D6CD3 /* CoreData.framework */ = {isa = PBXFileReference; lastKnownFileType = wrapper.framework; name = CoreData.framework; path = System/Library/Frameworks/CoreData.framework; sourceTree = SDKROOT; };
		1C7793191A106DAC00D851C3 /* SessionController.h */ = {isa = PBXFileReference; fileEncoding = 4; lastKnownFileType = sourcecode.c.h; path = SessionController.h; sourceTree = "<group>"; };
		1C77931A1A106DAC00D851C3 /* SessionController.m */ = {isa = PBXFileReference; fileEncoding = 4; lastKnownFileType = sourcecode.c.objc; path = SessionController.m; sourceTree = "<group>"; };
		1CBF988F19E9D6C0001F643F /* SDSIPhoneApp.app */ = {isa = PBXFileReference; explicitFileType = wrapper.application; includeInIndex = 0; path = SDSIPhoneApp.app; sourceTree = BUILT_PRODUCTS_DIR; };
		1CBF989219E9D6C1001F643F /* Foundation.framework */ = {isa = PBXFileReference; lastKnownFileType = wrapper.framework; name = Foundation.framework; path = System/Library/Frameworks/Foundation.framework; sourceTree = SDKROOT; };
		1CBF989419E9D6C1001F643F /* CoreGraphics.framework */ = {isa = PBXFileReference; lastKnownFileType = wrapper.framework; name = CoreGraphics.framework; path = System/Library/Frameworks/CoreGraphics.framework; sourceTree = SDKROOT; };
		1CBF989619E9D6C1001F643F /* UIKit.framework */ = {isa = PBXFileReference; lastKnownFileType = wrapper.framework; name = UIKit.framework; path = System/Library/Frameworks/UIKit.framework; sourceTree = SDKROOT; };
		1CBF989A19E9D6C1001F643F /* SDSIPhoneApp-Info.plist */ = {isa = PBXFileReference; lastKnownFileType = text.plist.xml; path = "SDSIPhoneApp-Info.plist"; sourceTree = "<group>"; };
		1CBF989C19E9D6C1001F643F /* en */ = {isa = PBXFileReference; lastKnownFileType = text.plist.strings; name = en; path = en.lproj/InfoPlist.strings; sourceTree = "<group>"; };
		1CBF989E19E9D6C1001F643F /* main.m */ = {isa = PBXFileReference; lastKnownFileType = sourcecode.c.objc; path = main.m; sourceTree = "<group>"; };
		1CBF98A019E9D6C1001F643F /* SDSIPhoneApp-Prefix.pch */ = {isa = PBXFileReference; lastKnownFileType = sourcecode.c.h; path = "SDSIPhoneApp-Prefix.pch"; sourceTree = "<group>"; };
		1CBF98A119E9D6C1001F643F /* AppDelegate.h */ = {isa = PBXFileReference; lastKnownFileType = sourcecode.c.h; path = AppDelegate.h; sourceTree = "<group>"; };
		1CBF98A219E9D6C1001F643F /* AppDelegate.m */ = {isa = PBXFileReference; lastKnownFileType = sourcecode.c.objc; path = AppDelegate.m; sourceTree = "<group>"; };
		1CBF98A419E9D6C1001F643F /* Images.xcassets */ = {isa = PBXFileReference; lastKnownFileType = folder.assetcatalog; path = Images.xcassets; sourceTree = "<group>"; };
		1CBF98AA19E9D6C1001F643F /* SDSIPhoneAppTests.xctest */ = {isa = PBXFileReference; explicitFileType = wrapper.cfbundle; includeInIndex = 0; path = SDSIPhoneAppTests.xctest; sourceTree = BUILT_PRODUCTS_DIR; };
		1CBF98AB19E9D6C1001F643F /* XCTest.framework */ = {isa = PBXFileReference; lastKnownFileType = wrapper.framework; name = XCTest.framework; path = Library/Frameworks/XCTest.framework; sourceTree = DEVELOPER_DIR; };
		1CBF98B319E9D6C1001F643F /* SDSIPhoneAppTests-Info.plist */ = {isa = PBXFileReference; lastKnownFileType = text.plist.xml; path = "SDSIPhoneAppTests-Info.plist"; sourceTree = "<group>"; };
		1CBF98B519E9D6C1001F643F /* en */ = {isa = PBXFileReference; lastKnownFileType = text.plist.strings; name = en; path = en.lproj/InfoPlist.strings; sourceTree = "<group>"; };
		1CBF98B719E9D6C1001F643F /* SDSIPhoneAppTests.m */ = {isa = PBXFileReference; lastKnownFileType = sourcecode.c.objc; path = SDSIPhoneAppTests.m; sourceTree = "<group>"; };
		1CBF98C919E9E632001F643F /* LoginViewController.h */ = {isa = PBXFileReference; fileEncoding = 4; lastKnownFileType = sourcecode.c.h; name = LoginViewController.h; path = SDSIPhoneApp/LoginViewController.h; sourceTree = "<group>"; };
		1CBF98CA19E9E632001F643F /* LoginViewController.m */ = {isa = PBXFileReference; fileEncoding = 4; lastKnownFileType = sourcecode.c.objc; name = LoginViewController.m; path = SDSIPhoneApp/LoginViewController.m; sourceTree = "<group>"; };
		1CBF98CB19E9E632001F643F /* LoginViewController.xib */ = {isa = PBXFileReference; fileEncoding = 4; lastKnownFileType = file.xib; name = LoginViewController.xib; path = SDSIPhoneApp/LoginViewController.xib; sourceTree = "<group>"; };
		1CBF98D819EA1C7D001F643F /* PlayerViewController.h */ = {isa = PBXFileReference; fileEncoding = 4; lastKnownFileType = sourcecode.c.h; path = PlayerViewController.h; sourceTree = "<group>"; };
		1CBF98D919EA1C7D001F643F /* PlayerViewController.m */ = {isa = PBXFileReference; fileEncoding = 4; lastKnownFileType = sourcecode.c.objc; path = PlayerViewController.m; sourceTree = "<group>"; };
		1CBF98DD19EA1E05001F643F /* profile_default.png */ = {isa = PBXFileReference; lastKnownFileType = image.png; name = profile_default.png; path = SDSIPhoneApp/Images.xcassets/profile_default.png; sourceTree = "<group>"; };
		FC1EA4801A068C1100061041 /* PlayerView.xib */ = {isa = PBXFileReference; fileEncoding = 4; lastKnownFileType = file.xib; path = PlayerView.xib; sourceTree = "<group>"; };
		FC42DA0D1A0EDC8B00CFF8A8 /* PlaylistTableView.h */ = {isa = PBXFileReference; fileEncoding = 4; lastKnownFileType = sourcecode.c.h; path = PlaylistTableView.h; sourceTree = "<group>"; };
		FC42DA0E1A0EDC8B00CFF8A8 /* PlaylistTableView.m */ = {isa = PBXFileReference; fileEncoding = 4; lastKnownFileType = sourcecode.c.objc; path = PlaylistTableView.m; sourceTree = "<group>"; };
		FC42DA151A0EEE4C00CFF8A8 /* PlaylistViewController2.xib */ = {isa = PBXFileReference; fileEncoding = 4; lastKnownFileType = file.xib; path = PlaylistViewController2.xib; sourceTree = "<group>"; };
		FC556D401A0ED74A00779124 /* 12193.png */ = {isa = PBXFileReference; lastKnownFileType = image.png; name = 12193.png; path = "SDSSpontaneous Images/12193.png"; sourceTree = "<group>"; };
		FC556D451A0EDBF900779124 /* PlaylistViewController2.h */ = {isa = PBXFileReference; fileEncoding = 4; lastKnownFileType = sourcecode.c.h; path = PlaylistViewController2.h; sourceTree = "<group>"; };
		FC556D461A0EDBF900779124 /* PlaylistViewController2.m */ = {isa = PBXFileReference; fileEncoding = 4; lastKnownFileType = sourcecode.c.objc; path = PlaylistViewController2.m; sourceTree = "<group>"; };
		FC6BBCE81A0E7402003A0113 /* ios7-close.png */ = {isa = PBXFileReference; lastKnownFileType = image.png; name = "ios7-close.png"; path = "SDSSpontaneous Images/ios7-close.png"; sourceTree = "<group>"; };
		FC6BBCEA1A0E7572003A0113 /* PlaylistViewController.h */ = {isa = PBXFileReference; fileEncoding = 4; lastKnownFileType = sourcecode.c.h; path = PlaylistViewController.h; sourceTree = "<group>"; };
		FC6BBCEB1A0E7572003A0113 /* PlaylistViewController.m */ = {isa = PBXFileReference; fileEncoding = 4; lastKnownFileType = sourcecode.c.objc; path = PlaylistViewController.m; sourceTree = "<group>"; };
		FC6BBCEF1A0E7726003A0113 /* SoundCloud-icon.png */ = {isa = PBXFileReference; lastKnownFileType = image.png; name = "SoundCloud-icon.png"; path = "SDSSpontaneous Images/SoundCloud-icon.png"; sourceTree = "<group>"; };
		FC6BBCF61A0E9837003A0113 /* NowPlaying.png */ = {isa = PBXFileReference; lastKnownFileType = image.png; name = NowPlaying.png; path = "SDSSpontaneous Images/NowPlaying.png"; sourceTree = "<group>"; };
		FC6E2DCD19FB2FD60069CC83 /* MediaItem.h */ = {isa = PBXFileReference; fileEncoding = 4; lastKnownFileType = sourcecode.c.h; path = MediaItem.h; sourceTree = "<group>"; };
		FC6E2DCE19FB2FD60069CC83 /* MediaItem.m */ = {isa = PBXFileReference; fileEncoding = 4; lastKnownFileType = sourcecode.c.objc; path = MediaItem.m; sourceTree = "<group>"; };
		FC6F52D919F1D474002EE6CE /* [FDM] Clean Bandit feat. Jess Glynne-Rather Be (Steve James Remix) [320 kbps] [vk.comfreshdancemusic] -www.mrtzcmp3.net - 1A - 125.mp3 */ = {isa = PBXFileReference; lastKnownFileType = audio.mp3; path = "[FDM] Clean Bandit feat. Jess Glynne-Rather Be (Steve James Remix) [320 kbps] [vk.comfreshdancemusic] -www.mrtzcmp3.net - 1A - 125.mp3"; sourceTree = "<group>"; };
		FC76394619F451A8001D0FE6 /* PlayerView.h */ = {isa = PBXFileReference; fileEncoding = 4; lastKnownFileType = sourcecode.c.h; path = PlayerView.h; sourceTree = "<group>"; };
		FC76394719F451A8001D0FE6 /* PlayerView.m */ = {isa = PBXFileReference; fileEncoding = 4; lastKnownFileType = sourcecode.c.objc; path = PlayerView.m; sourceTree = "<group>"; };
		FC76394919F45AC2001D0FE6 /* Playlist.h */ = {isa = PBXFileReference; fileEncoding = 4; lastKnownFileType = sourcecode.c.h; path = Playlist.h; sourceTree = "<group>"; };
		FC76394A19F45AC2001D0FE6 /* Playlist.m */ = {isa = PBXFileReference; fileEncoding = 4; lastKnownFileType = sourcecode.c.objc; path = Playlist.m; sourceTree = "<group>"; };
		FC76394E19F4765C001D0FE6 /* SDSIPhoneApp.entitlements */ = {isa = PBXFileReference; lastKnownFileType = text.xml; path = SDSIPhoneApp.entitlements; sourceTree = "<group>"; };
		FC76394F19F4765C001D0FE6 /* AudioToolbox.framework */ = {isa = PBXFileReference; lastKnownFileType = wrapper.framework; name = AudioToolbox.framework; path = System/Library/Frameworks/AudioToolbox.framework; sourceTree = SDKROOT; };
		FC76395119F47682001D0FE6 /* CoreMedia.framework */ = {isa = PBXFileReference; lastKnownFileType = wrapper.framework; name = CoreMedia.framework; path = System/Library/Frameworks/CoreMedia.framework; sourceTree = SDKROOT; };
		FC76395319F4768A001D0FE6 /* AVFoundation.framework */ = {isa = PBXFileReference; lastKnownFileType = wrapper.framework; name = AVFoundation.framework; path = System/Library/Frameworks/AVFoundation.framework; sourceTree = SDKROOT; };
		FC76395519F47698001D0FE6 /* MediaPlayer.framework */ = {isa = PBXFileReference; lastKnownFileType = wrapper.framework; name = MediaPlayer.framework; path = System/Library/Frameworks/MediaPlayer.framework; sourceTree = SDKROOT; };
		FC7A99D71A0BC4FF00C2BEB4 /* 150px-Fast_forward_font_awesome.png */ = {isa = PBXFileReference; lastKnownFileType = image.png; path = "150px-Fast_forward_font_awesome.png"; sourceTree = "<group>"; };
		FC7A99D91A0BD4B100C2BEB4 /* playerBackground.jpg */ = {isa = PBXFileReference; lastKnownFileType = image.jpeg; path = playerBackground.jpg; sourceTree = "<group>"; };
		FC7A99DF1A0BE67500C2BEB4 /* Play.png */ = {isa = PBXFileReference; lastKnownFileType = image.png; path = Play.png; sourceTree = "<group>"; };
		FC7A99E11A0BE6DA00C2BEB4 /* Uncle_Sam_(pointing_finger).jpg */ = {isa = PBXFileReference; lastKnownFileType = image.jpeg; path = "Uncle_Sam_(pointing_finger).jpg"; sourceTree = "<group>"; };
		FC9E43A01A0BEF8F00DE919C /* 3-in-35-Beautiful-Music-Album-Covers.jpeg */ = {isa = PBXFileReference; lastKnownFileType = image.jpeg; path = "3-in-35-Beautiful-Music-Album-Covers.jpeg"; sourceTree = "<group>"; };
		FC9E43AA1A0C063A00DE919C /* logos-02.png */ = {isa = PBXFileReference; lastKnownFileType = image.png; path = "logos-02.png"; sourceTree = "<group>"; };
		FC9E43AC1A0C40B100DE919C /* 3-in-35-Beautiful-Music-Album-Covers.jpeg */ = {isa = PBXFileReference; lastKnownFileType = image.jpeg; name = "3-in-35-Beautiful-Music-Album-Covers.jpeg"; path = "SDSSpontaneous Images/3-in-35-Beautiful-Music-Album-Covers.jpeg"; sourceTree = "<group>"; };
		FC9E43AD1A0C40B100DE919C /* 320x480.jpg */ = {isa = PBXFileReference; lastKnownFileType = image.jpeg; name = 320x480.jpg; path = "SDSSpontaneous Images/320x480.jpg"; sourceTree = "<group>"; };
		FC9E43AE1A0C40B100DE919C /* not_available.gif */ = {isa = PBXFileReference; lastKnownFileType = image.gif; name = not_available.gif; path = "SDSSpontaneous Images/not_available.gif"; sourceTree = "<group>"; };
		FC9E43B71A0C43CD00DE919C /* 150px-Rewind_font_awesome.png */ = {isa = PBXFileReference; lastKnownFileType = image.png; name = "150px-Rewind_font_awesome.png"; path = "SDSSpontaneous Images/150px-Rewind_font_awesome.png"; sourceTree = "<group>"; };
		FC9E43BE1A0C460D00DE919C /* playlist.png */ = {isa = PBXFileReference; lastKnownFileType = image.png; name = playlist.png; path = "SDSSpontaneous Images/playlist.png"; sourceTree = "<group>"; };
		FCA843B41A06CFE600BD8713 /* TDAudioOutputStreamer.h */ = {isa = PBXFileReference; fileEncoding = 4; lastKnownFileType = sourcecode.c.h; path = TDAudioOutputStreamer.h; sourceTree = "<group>"; };
		FCA843B51A06CFE600BD8713 /* TDAudioOutputStreamer.m */ = {isa = PBXFileReference; fileEncoding = 4; lastKnownFileType = sourcecode.c.objc; path = TDAudioOutputStreamer.m; sourceTree = "<group>"; };
		FCC33EFE19F587E600015BA9 /* GameKit.framework */ = {isa = PBXFileReference; lastKnownFileType = wrapper.framework; name = GameKit.framework; path = System/Library/Frameworks/GameKit.framework; sourceTree = SDKROOT; };
/* End PBXFileReference section */

/* Begin PBXFrameworksBuildPhase section */
		1CBF988C19E9D6C0001F643F /* Frameworks */ = {
			isa = PBXFrameworksBuildPhase;
			buildActionMask = 2147483647;
			files = (
				1C2431AF19F4BD9A00AAE80E /* Security.framework in Frameworks */,
				1C2431AD19F4BD9200AAE80E /* QuartzCore.framework in Frameworks */,
				1C2431AB19F4BD8A00AAE80E /* CoreText.framework in Frameworks */,
				1C2431A919F4BD8200AAE80E /* CoreLocation.framework in Frameworks */,
				1C2431A619F4BD7000AAE80E /* AddressBook.framework in Frameworks */,
				1C2431A719F4BD7000AAE80E /* AddressBookUI.framework in Frameworks */,
				FC76395619F47698001D0FE6 /* MediaPlayer.framework in Frameworks */,
				FC76395419F4768A001D0FE6 /* AVFoundation.framework in Frameworks */,
				FC76395219F47682001D0FE6 /* CoreMedia.framework in Frameworks */,
				1CBF989519E9D6C1001F643F /* CoreGraphics.framework in Frameworks */,
				1CBF989719E9D6C1001F643F /* UIKit.framework in Frameworks */,
				1CBF989319E9D6C1001F643F /* Foundation.framework in Frameworks */,
				FC76395019F4765C001D0FE6 /* AudioToolbox.framework in Frameworks */,
				FCC33EFF19F587E600015BA9 /* GameKit.framework in Frameworks */,
			);
			runOnlyForDeploymentPostprocessing = 0;
		};
		1CBF98A719E9D6C1001F643F /* Frameworks */ = {
			isa = PBXFrameworksBuildPhase;
			buildActionMask = 2147483647;
			files = (
				1CBF98AC19E9D6C1001F643F /* XCTest.framework in Frameworks */,
				1CBF98AE19E9D6C1001F643F /* UIKit.framework in Frameworks */,
				1CBF98AD19E9D6C1001F643F /* Foundation.framework in Frameworks */,
			);
			runOnlyForDeploymentPostprocessing = 0;
		};
/* End PBXFrameworksBuildPhase section */

/* Begin PBXGroup section */
		1CBF988619E9D6C0001F643F = {
			isa = PBXGroup;
			children = (
				FCB46A7A1A067CEE00D8A4FA /* UI and Player */,
				FCB46A791A067CDE00D8A4FA /* Networking */,
				FCC208611A02C41B00C88CA3 /* Resources */,
				1CBF989819E9D6C1001F643F /* SDSIPhoneApp */,
				1CBF98B119E9D6C1001F643F /* SDSIPhoneAppTests */,
				1CBF989119E9D6C0001F643F /* Frameworks */,
				1CBF989019E9D6C0001F643F /* Products */,
			);
			sourceTree = "<group>";
		};
		1CBF989019E9D6C0001F643F /* Products */ = {
			isa = PBXGroup;
			children = (
				1CBF988F19E9D6C0001F643F /* SDSIPhoneApp.app */,
				1CBF98AA19E9D6C1001F643F /* SDSIPhoneAppTests.xctest */,
			);
			name = Products;
			sourceTree = "<group>";
		};
		1CBF989119E9D6C0001F643F /* Frameworks */ = {
			isa = PBXGroup;
			children = (
				1C2609A419F6B78F008D6CD3 /* CoreData.framework */,
				1C2431AE19F4BD9A00AAE80E /* Security.framework */,
				1C2431AC19F4BD9200AAE80E /* QuartzCore.framework */,
				1C2431AA19F4BD8A00AAE80E /* CoreText.framework */,
				1C2431A819F4BD8200AAE80E /* CoreLocation.framework */,
				1C2431A419F4BD7000AAE80E /* AddressBook.framework */,
				1C2431A519F4BD7000AAE80E /* AddressBookUI.framework */,
				FCC33EFE19F587E600015BA9 /* GameKit.framework */,
				FC76395519F47698001D0FE6 /* MediaPlayer.framework */,
				FC76395319F4768A001D0FE6 /* AVFoundation.framework */,
				FC76395119F47682001D0FE6 /* CoreMedia.framework */,
				FC76394F19F4765C001D0FE6 /* AudioToolbox.framework */,
				1CBF989219E9D6C1001F643F /* Foundation.framework */,
				1CBF989419E9D6C1001F643F /* CoreGraphics.framework */,
				1CBF989619E9D6C1001F643F /* UIKit.framework */,
				1CBF98AB19E9D6C1001F643F /* XCTest.framework */,
			);
			name = Frameworks;
			sourceTree = "<group>";
		};
		1CBF989819E9D6C1001F643F /* SDSIPhoneApp */ = {
			isa = PBXGroup;
			children = (
				FC76394E19F4765C001D0FE6 /* SDSIPhoneApp.entitlements */,
				1CBF98A119E9D6C1001F643F /* AppDelegate.h */,
				1CBF98A219E9D6C1001F643F /* AppDelegate.m */,
				1CBF98A419E9D6C1001F643F /* Images.xcassets */,
				1CBF989919E9D6C1001F643F /* Supporting Files */,
			);
			path = SDSIPhoneApp;
			sourceTree = "<group>";
		};
		1CBF989919E9D6C1001F643F /* Supporting Files */ = {
			isa = PBXGroup;
			children = (
				1CBF989A19E9D6C1001F643F /* SDSIPhoneApp-Info.plist */,
				1CBF989B19E9D6C1001F643F /* InfoPlist.strings */,
				1CBF989E19E9D6C1001F643F /* main.m */,
				1CBF98A019E9D6C1001F643F /* SDSIPhoneApp-Prefix.pch */,
			);
			name = "Supporting Files";
			sourceTree = "<group>";
		};
		1CBF98B119E9D6C1001F643F /* SDSIPhoneAppTests */ = {
			isa = PBXGroup;
			children = (
				1CBF98B719E9D6C1001F643F /* SDSIPhoneAppTests.m */,
				1CBF98B219E9D6C1001F643F /* Supporting Files */,
			);
			path = SDSIPhoneAppTests;
			sourceTree = "<group>";
		};
		1CBF98B219E9D6C1001F643F /* Supporting Files */ = {
			isa = PBXGroup;
			children = (
				1CBF98B319E9D6C1001F643F /* SDSIPhoneAppTests-Info.plist */,
				1CBF98B419E9D6C1001F643F /* InfoPlist.strings */,
			);
			name = "Supporting Files";
			sourceTree = "<group>";
		};
		FCB46A791A067CDE00D8A4FA /* Networking */ = {
			isa = PBXGroup;
			children = (
				1C7793191A106DAC00D851C3 /* SessionController.h */,
				1C77931A1A106DAC00D851C3 /* SessionController.m */,
				FCA843B41A06CFE600BD8713 /* TDAudioOutputStreamer.h */,
				FCA843B51A06CFE600BD8713 /* TDAudioOutputStreamer.m */,
			);
			name = Networking;
			sourceTree = "<group>";
		};
		FCB46A7A1A067CEE00D8A4FA /* UI and Player */ = {
			isa = PBXGroup;
			children = (
				FC556D451A0EDBF900779124 /* PlaylistViewController2.h */,
				FC556D461A0EDBF900779124 /* PlaylistViewController2.m */,
				FC42DA151A0EEE4C00CFF8A8 /* PlaylistViewController2.xib */,
				FC42DA0D1A0EDC8B00CFF8A8 /* PlaylistTableView.h */,
				FC42DA0E1A0EDC8B00CFF8A8 /* PlaylistTableView.m */,
				FC6BBCEA1A0E7572003A0113 /* PlaylistViewController.h */,
				FC6BBCEB1A0E7572003A0113 /* PlaylistViewController.m */,
				1CBF98D819EA1C7D001F643F /* PlayerViewController.h */,
				1CBF98D919EA1C7D001F643F /* PlayerViewController.m */,
				FC76394619F451A8001D0FE6 /* PlayerView.h */,
				FC76394719F451A8001D0FE6 /* PlayerView.m */,
				FC1EA4801A068C1100061041 /* PlayerView.xib */,
				FC76394919F45AC2001D0FE6 /* Playlist.h */,
				FC76394A19F45AC2001D0FE6 /* Playlist.m */,
				FC6E2DCD19FB2FD60069CC83 /* MediaItem.h */,
				FC6E2DCE19FB2FD60069CC83 /* MediaItem.m */,
				1CBF98C919E9E632001F643F /* LoginViewController.h */,
				1CBF98CA19E9E632001F643F /* LoginViewController.m */,
				1CBF98CB19E9E632001F643F /* LoginViewController.xib */,
			);
			name = "UI and Player";
			sourceTree = "<group>";
		};
		FCC208611A02C41B00C88CA3 /* Resources */ = {
			isa = PBXGroup;
			children = (
				FC9E43A01A0BEF8F00DE919C /* 3-in-35-Beautiful-Music-Album-Covers.jpeg */,
				1CBF98DD19EA1E05001F643F /* profile_default.png */,
				FC6BBCE81A0E7402003A0113 /* ios7-close.png */,
				FC6BBCEF1A0E7726003A0113 /* SoundCloud-icon.png */,
				FC9E43AC1A0C40B100DE919C /* 3-in-35-Beautiful-Music-Album-Covers.jpeg */,
				FC7A99D71A0BC4FF00C2BEB4 /* 150px-Fast_forward_font_awesome.png */,
				FC7A99DF1A0BE67500C2BEB4 /* Play.png */,
				FC7A99D91A0BD4B100C2BEB4 /* playerBackground.jpg */,
				FC556D401A0ED74A00779124 /* 12193.png */,
				FC9E43BE1A0C460D00DE919C /* playlist.png */,
				FC6BBCF61A0E9837003A0113 /* NowPlaying.png */,
				FC9E43AD1A0C40B100DE919C /* 320x480.jpg */,
				FC9E43B71A0C43CD00DE919C /* 150px-Rewind_font_awesome.png */,
				FC9E43AE1A0C40B100DE919C /* not_available.gif */,
				FC9E43AA1A0C063A00DE919C /* logos-02.png */,
				FC7A99E11A0BE6DA00C2BEB4 /* Uncle_Sam_(pointing_finger).jpg */,
				FC6F52D919F1D474002EE6CE /* [FDM] Clean Bandit feat. Jess Glynne-Rather Be (Steve James Remix) [320 kbps] [vk.comfreshdancemusic] -www.mrtzcmp3.net - 1A - 125.mp3 */,
			);
			name = Resources;
			sourceTree = "<group>";
		};
/* End PBXGroup section */

/* Begin PBXNativeTarget section */
		1CBF988E19E9D6C0001F643F /* SDSIPhoneApp */ = {
			isa = PBXNativeTarget;
			buildConfigurationList = 1CBF98BB19E9D6C1001F643F /* Build configuration list for PBXNativeTarget "SDSIPhoneApp" */;
			buildPhases = (
				1CBF988B19E9D6C0001F643F /* Sources */,
				1CBF988C19E9D6C0001F643F /* Frameworks */,
				1CBF988D19E9D6C0001F643F /* Resources */,
			);
			buildRules = (
			);
			dependencies = (
			);
			name = SDSIPhoneApp;
			productName = SDSIPhoneApp;
			productReference = 1CBF988F19E9D6C0001F643F /* SDSIPhoneApp.app */;
			productType = "com.apple.product-type.application";
		};
		1CBF98A919E9D6C1001F643F /* SDSIPhoneAppTests */ = {
			isa = PBXNativeTarget;
			buildConfigurationList = 1CBF98BE19E9D6C1001F643F /* Build configuration list for PBXNativeTarget "SDSIPhoneAppTests" */;
			buildPhases = (
				1CBF98A619E9D6C1001F643F /* Sources */,
				1CBF98A719E9D6C1001F643F /* Frameworks */,
				1CBF98A819E9D6C1001F643F /* Resources */,
			);
			buildRules = (
			);
			dependencies = (
				1CBF98B019E9D6C1001F643F /* PBXTargetDependency */,
			);
			name = SDSIPhoneAppTests;
			productName = SDSIPhoneAppTests;
			productReference = 1CBF98AA19E9D6C1001F643F /* SDSIPhoneAppTests.xctest */;
			productType = "com.apple.product-type.bundle.unit-test";
		};
/* End PBXNativeTarget section */

/* Begin PBXProject section */
		1CBF988719E9D6C0001F643F /* Project object */ = {
			isa = PBXProject;
			attributes = {
				LastUpgradeCheck = 0510;
				ORGANIZATIONNAME = "Silent Disco Squad";
				TargetAttributes = {
					1CBF988E19E9D6C0001F643F = {
						DevelopmentTeam = 6ZUB2TR58V;
						SystemCapabilities = {
							com.apple.BackgroundModes = {
								enabled = 1;
							};
							com.apple.GameCenter = {
								enabled = 1;
							};
							com.apple.InterAppAudio = {
								enabled = 1;
							};
						};
					};
					1CBF98A919E9D6C1001F643F = {
						DevelopmentTeam = 6ZUB2TR58V;
						TestTargetID = 1CBF988E19E9D6C0001F643F;
					};
				};
			};
			buildConfigurationList = 1CBF988A19E9D6C0001F643F /* Build configuration list for PBXProject "SDSIPhoneApp" */;
			compatibilityVersion = "Xcode 3.2";
			developmentRegion = English;
			hasScannedForEncodings = 0;
			knownRegions = (
				en,
			);
			mainGroup = 1CBF988619E9D6C0001F643F;
			productRefGroup = 1CBF989019E9D6C0001F643F /* Products */;
			projectDirPath = "";
			projectRoot = "";
			targets = (
				1CBF988E19E9D6C0001F643F /* SDSIPhoneApp */,
				1CBF98A919E9D6C1001F643F /* SDSIPhoneAppTests */,
			);
		};
/* End PBXProject section */

/* Begin PBXResourcesBuildPhase section */
		1CBF988D19E9D6C0001F643F /* Resources */ = {
			isa = PBXResourcesBuildPhase;
			buildActionMask = 2147483647;
			files = (
				FC7A99E01A0BE67500C2BEB4 /* Play.png in Resources */,
				1CBF989D19E9D6C1001F643F /* InfoPlist.strings in Resources */,
				FC6BBCF71A0E9837003A0113 /* NowPlaying.png in Resources */,
				FC9E43B01A0C40B100DE919C /* 320x480.jpg in Resources */,
				1CBF98A519E9D6C1001F643F /* Images.xcassets in Resources */,
				FC9E43B81A0C43CD00DE919C /* 150px-Rewind_font_awesome.png in Resources */,
				FC7A99D81A0BC4FF00C2BEB4 /* 150px-Fast_forward_font_awesome.png in Resources */,
				FC9E43BF1A0C460D00DE919C /* playlist.png in Resources */,
				FC9E43B11A0C40B100DE919C /* not_available.gif in Resources */,
				FC7A99DA1A0BD4B100C2BEB4 /* playerBackground.jpg in Resources */,
				FC6BBCE91A0E7402003A0113 /* ios7-close.png in Resources */,
				FC9E43A11A0BEF8F00DE919C /* 3-in-35-Beautiful-Music-Album-Covers.jpeg in Resources */,
				FC9E43AF1A0C40B100DE919C /* 3-in-35-Beautiful-Music-Album-Covers.jpeg in Resources */,
				FC42DA161A0EEE4C00CFF8A8 /* PlaylistViewController2.xib in Resources */,
				1CBF98CD19E9E632001F643F /* LoginViewController.xib in Resources */,
				FC9E43AB1A0C063A00DE919C /* logos-02.png in Resources */,
				FC6F52DA19F1D474002EE6CE /* [FDM] Clean Bandit feat. Jess Glynne-Rather Be (Steve James Remix) [320 kbps] [vk.comfreshdancemusic] -www.mrtzcmp3.net - 1A - 125.mp3 in Resources */,
				FC6BBCF01A0E7726003A0113 /* SoundCloud-icon.png in Resources */,
				1CBF98DE19EA1E05001F643F /* profile_default.png in Resources */,
				FC1EA4811A068C1100061041 /* PlayerView.xib in Resources */,
				FC556D411A0ED74A00779124 /* 12193.png in Resources */,
				FC7A99E21A0BE6DA00C2BEB4 /* Uncle_Sam_(pointing_finger).jpg in Resources */,
			);
			runOnlyForDeploymentPostprocessing = 0;
		};
		1CBF98A819E9D6C1001F643F /* Resources */ = {
			isa = PBXResourcesBuildPhase;
			buildActionMask = 2147483647;
			files = (
				1CBF98B619E9D6C1001F643F /* InfoPlist.strings in Resources */,
			);
			runOnlyForDeploymentPostprocessing = 0;
		};
/* End PBXResourcesBuildPhase section */

/* Begin PBXSourcesBuildPhase section */
		1CBF988B19E9D6C0001F643F /* Sources */ = {
			isa = PBXSourcesBuildPhase;
			buildActionMask = 2147483647;
			files = (
				FC6E2DCF19FB2FD60069CC83 /* MediaItem.m in Sources */,
				1CBF98A319E9D6C1001F643F /* AppDelegate.m in Sources */,
				FC42DA0F1A0EDC8B00CFF8A8 /* PlaylistTableView.m in Sources */,
				FC76394819F451A8001D0FE6 /* PlayerView.m in Sources */,
				FCA843B61A06CFE600BD8713 /* TDAudioOutputStreamer.m in Sources */,
				FC6BBCED1A0E7572003A0113 /* PlaylistViewController.m in Sources */,
				1CBF989F19E9D6C1001F643F /* main.m in Sources */,
				1CBF98CC19E9E632001F643F /* LoginViewController.m in Sources */,
				FC556D471A0EDBF900779124 /* PlaylistViewController2.m in Sources */,
				1CBF98DB19EA1C7D001F643F /* PlayerViewController.m in Sources */,
				1C77931B1A106DAC00D851C3 /* SessionController.m in Sources */,
				FC76394B19F45AC2001D0FE6 /* Playlist.m in Sources */,
			);
			runOnlyForDeploymentPostprocessing = 0;
		};
		1CBF98A619E9D6C1001F643F /* Sources */ = {
			isa = PBXSourcesBuildPhase;
			buildActionMask = 2147483647;
			files = (
				1CBF98B819E9D6C1001F643F /* SDSIPhoneAppTests.m in Sources */,
			);
			runOnlyForDeploymentPostprocessing = 0;
		};
/* End PBXSourcesBuildPhase section */

/* Begin PBXTargetDependency section */
		1CBF98B019E9D6C1001F643F /* PBXTargetDependency */ = {
			isa = PBXTargetDependency;
			target = 1CBF988E19E9D6C0001F643F /* SDSIPhoneApp */;
			targetProxy = 1CBF98AF19E9D6C1001F643F /* PBXContainerItemProxy */;
		};
/* End PBXTargetDependency section */

/* Begin PBXVariantGroup section */
		1CBF989B19E9D6C1001F643F /* InfoPlist.strings */ = {
			isa = PBXVariantGroup;
			children = (
				1CBF989C19E9D6C1001F643F /* en */,
			);
			name = InfoPlist.strings;
			sourceTree = "<group>";
		};
		1CBF98B419E9D6C1001F643F /* InfoPlist.strings */ = {
			isa = PBXVariantGroup;
			children = (
				1CBF98B519E9D6C1001F643F /* en */,
			);
			name = InfoPlist.strings;
			sourceTree = "<group>";
		};
/* End PBXVariantGroup section */

/* Begin XCBuildConfiguration section */
		1CBF98B919E9D6C1001F643F /* Debug */ = {
			isa = XCBuildConfiguration;
			buildSettings = {
				ALWAYS_SEARCH_USER_PATHS = NO;
				CLANG_CXX_LANGUAGE_STANDARD = "gnu++0x";
				CLANG_CXX_LIBRARY = "libc++";
				CLANG_ENABLE_MODULES = YES;
				CLANG_ENABLE_OBJC_ARC = YES;
				CLANG_WARN_BOOL_CONVERSION = YES;
				CLANG_WARN_CONSTANT_CONVERSION = YES;
				CLANG_WARN_DIRECT_OBJC_ISA_USAGE = YES_ERROR;
				CLANG_WARN_EMPTY_BODY = YES;
				CLANG_WARN_ENUM_CONVERSION = YES;
				CLANG_WARN_INT_CONVERSION = YES;
				CLANG_WARN_OBJC_ROOT_CLASS = YES_ERROR;
				CLANG_WARN__DUPLICATE_METHOD_MATCH = YES;
				CODE_SIGN_IDENTITY = "iPhone Developer";
				"CODE_SIGN_IDENTITY[sdk=iphoneos*]" = "iPhone Developer";
				COPY_PHASE_STRIP = NO;
				GCC_C_LANGUAGE_STANDARD = gnu99;
				GCC_DYNAMIC_NO_PIC = NO;
				GCC_OPTIMIZATION_LEVEL = 0;
				GCC_PREPROCESSOR_DEFINITIONS = (
					"DEBUG=1",
					"$(inherited)",
				);
				GCC_SYMBOLS_PRIVATE_EXTERN = NO;
				GCC_WARN_64_TO_32_BIT_CONVERSION = YES;
				GCC_WARN_ABOUT_RETURN_TYPE = YES_ERROR;
				GCC_WARN_UNDECLARED_SELECTOR = YES;
				GCC_WARN_UNINITIALIZED_AUTOS = YES_AGGRESSIVE;
				GCC_WARN_UNUSED_FUNCTION = YES;
				GCC_WARN_UNUSED_VARIABLE = YES;
				IPHONEOS_DEPLOYMENT_TARGET = 7.1;
				ONLY_ACTIVE_ARCH = NO;
				SDKROOT = iphoneos;
				TARGETED_DEVICE_FAMILY = "1,2";
			};
			name = Debug;
		};
		1CBF98BA19E9D6C1001F643F /* Release */ = {
			isa = XCBuildConfiguration;
			buildSettings = {
				ALWAYS_SEARCH_USER_PATHS = NO;
				CLANG_CXX_LANGUAGE_STANDARD = "gnu++0x";
				CLANG_CXX_LIBRARY = "libc++";
				CLANG_ENABLE_MODULES = YES;
				CLANG_ENABLE_OBJC_ARC = YES;
				CLANG_WARN_BOOL_CONVERSION = YES;
				CLANG_WARN_CONSTANT_CONVERSION = YES;
				CLANG_WARN_DIRECT_OBJC_ISA_USAGE = YES_ERROR;
				CLANG_WARN_EMPTY_BODY = YES;
				CLANG_WARN_ENUM_CONVERSION = YES;
				CLANG_WARN_INT_CONVERSION = YES;
				CLANG_WARN_OBJC_ROOT_CLASS = YES_ERROR;
				CLANG_WARN__DUPLICATE_METHOD_MATCH = YES;
				CODE_SIGN_IDENTITY = "iPhone Developer";
				"CODE_SIGN_IDENTITY[sdk=iphoneos*]" = "iPhone Developer";
				COPY_PHASE_STRIP = YES;
				ENABLE_NS_ASSERTIONS = NO;
				GCC_C_LANGUAGE_STANDARD = gnu99;
				GCC_WARN_64_TO_32_BIT_CONVERSION = YES;
				GCC_WARN_ABOUT_RETURN_TYPE = YES_ERROR;
				GCC_WARN_UNDECLARED_SELECTOR = YES;
				GCC_WARN_UNINITIALIZED_AUTOS = YES_AGGRESSIVE;
				GCC_WARN_UNUSED_FUNCTION = YES;
				GCC_WARN_UNUSED_VARIABLE = YES;
				IPHONEOS_DEPLOYMENT_TARGET = 7.1;
				ONLY_ACTIVE_ARCH = NO;
				SDKROOT = iphoneos;
				TARGETED_DEVICE_FAMILY = "1,2";
				VALIDATE_PRODUCT = YES;
			};
			name = Release;
		};
		1CBF98BC19E9D6C1001F643F /* Debug */ = {
			isa = XCBuildConfiguration;
			buildSettings = {
				ASSETCATALOG_COMPILER_APPICON_NAME = AppIcon;
				ASSETCATALOG_COMPILER_LAUNCHIMAGE_NAME = LaunchImage;
				CODE_SIGN_ENTITLEMENTS = SDSIPhoneApp/SDSIPhoneApp.entitlements;
				CODE_SIGN_IDENTITY = "iPhone Developer";
				"CODE_SIGN_IDENTITY[sdk=iphoneos*]" = "iPhone Developer";
				GCC_PRECOMPILE_PREFIX_HEADER = YES;
				GCC_PREFIX_HEADER = "SDSIPhoneApp/SDSIPhoneApp-Prefix.pch";
				GCC_WARN_ABOUT_DEPRECATED_FUNCTIONS = NO;
				HEADER_SEARCH_PATHS = (
					"$(inherited)",
					/Applications/Xcode.app/Contents/Developer/Toolchains/XcodeDefault.xctoolchain/usr/include,
					"$PROJECT_DIR/**",
				);
				INFOPLIST_FILE = "SDSIPhoneApp/SDSIPhoneApp-Info.plist";
				IPHONEOS_DEPLOYMENT_TARGET = 7.0;
				ONLY_ACTIVE_ARCH = NO;
				"OTHER_LDFLAGS[arch=*]" = (
					"-all_load",
					"-ObjC",
				);
				PRODUCT_NAME = "$(TARGET_NAME)";
				PROVISIONING_PROFILE = "";
				TARGETED_DEVICE_FAMILY = "1,2";
				WRAPPER_EXTENSION = app;
			};
			name = Debug;
		};
		1CBF98BD19E9D6C1001F643F /* Release */ = {
			isa = XCBuildConfiguration;
			buildSettings = {
				ASSETCATALOG_COMPILER_APPICON_NAME = AppIcon;
				ASSETCATALOG_COMPILER_LAUNCHIMAGE_NAME = LaunchImage;
				CODE_SIGN_ENTITLEMENTS = SDSIPhoneApp/SDSIPhoneApp.entitlements;
				CODE_SIGN_IDENTITY = "iPhone Developer";
				"CODE_SIGN_IDENTITY[sdk=iphoneos*]" = "iPhone Developer";
				GCC_PRECOMPILE_PREFIX_HEADER = YES;
				GCC_PREFIX_HEADER = "SDSIPhoneApp/SDSIPhoneApp-Prefix.pch";
				GCC_WARN_ABOUT_DEPRECATED_FUNCTIONS = NO;
				HEADER_SEARCH_PATHS = (
					"$(inherited)",
					/Applications/Xcode.app/Contents/Developer/Toolchains/XcodeDefault.xctoolchain/usr/include,
					"$PROJECT_DIR/**",
				);
				INFOPLIST_FILE = "SDSIPhoneApp/SDSIPhoneApp-Info.plist";
				IPHONEOS_DEPLOYMENT_TARGET = 7.0;
				ONLY_ACTIVE_ARCH = NO;
				"OTHER_LDFLAGS[arch=*]" = (
					"-all_load",
					"-ObjC",
				);
				PRODUCT_NAME = "$(TARGET_NAME)";
				PROVISIONING_PROFILE = "";
				TARGETED_DEVICE_FAMILY = "1,2";
				WRAPPER_EXTENSION = app;
			};
			name = Release;
		};
		1CBF98BF19E9D6C1001F643F /* Debug */ = {
			isa = XCBuildConfiguration;
			buildSettings = {
				BUNDLE_LOADER = "$(BUILT_PRODUCTS_DIR)/SDSIPhoneApp.app/SDSIPhoneApp";
				FRAMEWORK_SEARCH_PATHS = (
					"$(SDKROOT)/Developer/Library/Frameworks",
					"$(inherited)",
					"$(DEVELOPER_FRAMEWORKS_DIR)",
				);
				GCC_PRECOMPILE_PREFIX_HEADER = YES;
				GCC_PREFIX_HEADER = "SDSIPhoneApp/SDSIPhoneApp-Prefix.pch";
				GCC_PREPROCESSOR_DEFINITIONS = (
					"DEBUG=1",
					"$(inherited)",
				);
				INFOPLIST_FILE = "SDSIPhoneAppTests/SDSIPhoneAppTests-Info.plist";
				PRODUCT_NAME = "$(TARGET_NAME)";
				TEST_HOST = "$(BUNDLE_LOADER)";
				WRAPPER_EXTENSION = xctest;
			};
			name = Debug;
		};
		1CBF98C019E9D6C1001F643F /* Release */ = {
			isa = XCBuildConfiguration;
			buildSettings = {
				BUNDLE_LOADER = "$(BUILT_PRODUCTS_DIR)/SDSIPhoneApp.app/SDSIPhoneApp";
				FRAMEWORK_SEARCH_PATHS = (
					"$(SDKROOT)/Developer/Library/Frameworks",
					"$(inherited)",
					"$(DEVELOPER_FRAMEWORKS_DIR)",
				);
				GCC_PRECOMPILE_PREFIX_HEADER = YES;
				GCC_PREFIX_HEADER = "SDSIPhoneApp/SDSIPhoneApp-Prefix.pch";
				INFOPLIST_FILE = "SDSIPhoneAppTests/SDSIPhoneAppTests-Info.plist";
				PRODUCT_NAME = "$(TARGET_NAME)";
				TEST_HOST = "$(BUNDLE_LOADER)";
				WRAPPER_EXTENSION = xctest;
			};
			name = Release;
		};
/* End XCBuildConfiguration section */

/* Begin XCConfigurationList section */
		1CBF988A19E9D6C0001F643F /* Build configuration list for PBXProject "SDSIPhoneApp" */ = {
			isa = XCConfigurationList;
			buildConfigurations = (
				1CBF98B919E9D6C1001F643F /* Debug */,
				1CBF98BA19E9D6C1001F643F /* Release */,
			);
			defaultConfigurationIsVisible = 0;
			defaultConfigurationName = Release;
		};
		1CBF98BB19E9D6C1001F643F /* Build configuration list for PBXNativeTarget "SDSIPhoneApp" */ = {
			isa = XCConfigurationList;
			buildConfigurations = (
				1CBF98BC19E9D6C1001F643F /* Debug */,
				1CBF98BD19E9D6C1001F643F /* Release */,
			);
			defaultConfigurationIsVisible = 0;
			defaultConfigurationName = Release;
		};
		1CBF98BE19E9D6C1001F643F /* Build configuration list for PBXNativeTarget "SDSIPhoneAppTests" */ = {
			isa = XCConfigurationList;
			buildConfigurations = (
				1CBF98BF19E9D6C1001F643F /* Debug */,
				1CBF98C019E9D6C1001F643F /* Release */,
			);
			defaultConfigurationIsVisible = 0;
			defaultConfigurationName = Release;
		};
/* End XCConfigurationList section */
	};
	rootObject = 1CBF988719E9D6C0001F643F /* Project object */;
}
